// !$*UTF8*$!
{
	archiveVersion = 1;
	classes = {
	};
	objectVersion = 50;
	objects = {

/* Begin PBXBuildFile section */
		F6BD2F3320B8C2BA00635B1F /* AppDelegate.swift in Sources */ = {isa = PBXBuildFile; fileRef = F6BD2F3220B8C2BA00635B1F /* AppDelegate.swift */; };
		F6BD2F3520B8C2BA00635B1F /* ViewController.swift in Sources */ = {isa = PBXBuildFile; fileRef = F6BD2F3420B8C2BA00635B1F /* ViewController.swift */; };
		F6BD2F3820B8C2BA00635B1F /* Main.storyboard in Resources */ = {isa = PBXBuildFile; fileRef = F6BD2F3620B8C2BA00635B1F /* Main.storyboard */; };
		F6BD2F3A20B8C2BC00635B1F /* Assets.xcassets in Resources */ = {isa = PBXBuildFile; fileRef = F6BD2F3920B8C2BC00635B1F /* Assets.xcassets */; };
		F6BD2F3D20B8C2BC00635B1F /* LaunchScreen.storyboard in Resources */ = {isa = PBXBuildFile; fileRef = F6BD2F3B20B8C2BC00635B1F /* LaunchScreen.storyboard */; };
		F6BD2F4820B8C2BC00635B1F /* GPSTests.swift in Sources */ = {isa = PBXBuildFile; fileRef = F6BD2F4720B8C2BC00635B1F /* GPSTests.swift */; };
		F6BD2F5320B8C2BC00635B1F /* GPSUITests.swift in Sources */ = {isa = PBXBuildFile; fileRef = F6BD2F5220B8C2BC00635B1F /* GPSUITests.swift */; };
		F6BD2F6120B8D74500635B1F /* BarAnnotation.swift in Sources */ = {isa = PBXBuildFile; fileRef = F6BD2F6020B8D74500635B1F /* BarAnnotation.swift */; };
/* End PBXBuildFile section */

/* Begin PBXContainerItemProxy section */
		F6BD2F4420B8C2BC00635B1F /* PBXContainerItemProxy */ = {
			isa = PBXContainerItemProxy;
			containerPortal = F6BD2F2720B8C2BA00635B1F /* Project object */;
			proxyType = 1;
			remoteGlobalIDString = F6BD2F2E20B8C2BA00635B1F;
			remoteInfo = GPS;
		};
		F6BD2F4F20B8C2BC00635B1F /* PBXContainerItemProxy */ = {
			isa = PBXContainerItemProxy;
			containerPortal = F6BD2F2720B8C2BA00635B1F /* Project object */;
			proxyType = 1;
			remoteGlobalIDString = F6BD2F2E20B8C2BA00635B1F;
			remoteInfo = GPS;
		};
/* End PBXContainerItemProxy section */

/* Begin PBXFileReference section */
		F6BD2F2F20B8C2BA00635B1F /* GPS.app */ = {isa = PBXFileReference; explicitFileType = wrapper.application; includeInIndex = 0; path = GPS.app; sourceTree = BUILT_PRODUCTS_DIR; };
		F6BD2F3220B8C2BA00635B1F /* AppDelegate.swift */ = {isa = PBXFileReference; lastKnownFileType = sourcecode.swift; path = AppDelegate.swift; sourceTree = "<group>"; };
		F6BD2F3420B8C2BA00635B1F /* ViewController.swift */ = {isa = PBXFileReference; lastKnownFileType = sourcecode.swift; path = ViewController.swift; sourceTree = "<group>"; };
		F6BD2F3720B8C2BA00635B1F /* Base */ = {isa = PBXFileReference; lastKnownFileType = file.storyboard; name = Base; path = Base.lproj/Main.storyboard; sourceTree = "<group>"; };
		F6BD2F3920B8C2BC00635B1F /* Assets.xcassets */ = {isa = PBXFileReference; lastKnownFileType = folder.assetcatalog; path = Assets.xcassets; sourceTree = "<group>"; };
		F6BD2F3C20B8C2BC00635B1F /* Base */ = {isa = PBXFileReference; lastKnownFileType = file.storyboard; name = Base; path = Base.lproj/LaunchScreen.storyboard; sourceTree = "<group>"; };
		F6BD2F3E20B8C2BC00635B1F /* Info.plist */ = {isa = PBXFileReference; lastKnownFileType = text.plist.xml; path = Info.plist; sourceTree = "<group>"; };
		F6BD2F4320B8C2BC00635B1F /* GPSTests.xctest */ = {isa = PBXFileReference; explicitFileType = wrapper.cfbundle; includeInIndex = 0; path = GPSTests.xctest; sourceTree = BUILT_PRODUCTS_DIR; };
		F6BD2F4720B8C2BC00635B1F /* GPSTests.swift */ = {isa = PBXFileReference; lastKnownFileType = sourcecode.swift; path = GPSTests.swift; sourceTree = "<group>"; };
		F6BD2F4920B8C2BC00635B1F /* Info.plist */ = {isa = PBXFileReference; lastKnownFileType = text.plist.xml; path = Info.plist; sourceTree = "<group>"; };
		F6BD2F4E20B8C2BC00635B1F /* GPSUITests.xctest */ = {isa = PBXFileReference; explicitFileType = wrapper.cfbundle; includeInIndex = 0; path = GPSUITests.xctest; sourceTree = BUILT_PRODUCTS_DIR; };
		F6BD2F5220B8C2BC00635B1F /* GPSUITests.swift */ = {isa = PBXFileReference; lastKnownFileType = sourcecode.swift; path = GPSUITests.swift; sourceTree = "<group>"; };
		F6BD2F5420B8C2BC00635B1F /* Info.plist */ = {isa = PBXFileReference; lastKnownFileType = text.plist.xml; path = Info.plist; sourceTree = "<group>"; };
		F6BD2F6020B8D74500635B1F /* BarAnnotation.swift */ = {isa = PBXFileReference; lastKnownFileType = sourcecode.swift; path = BarAnnotation.swift; sourceTree = "<group>"; };
/* End PBXFileReference section */

/* Begin PBXFrameworksBuildPhase section */
		F6BD2F2C20B8C2BA00635B1F /* Frameworks */ = {
			isa = PBXFrameworksBuildPhase;
			buildActionMask = 2147483647;
			files = (
			);
			runOnlyForDeploymentPostprocessing = 0;
		};
		F6BD2F4020B8C2BC00635B1F /* Frameworks */ = {
			isa = PBXFrameworksBuildPhase;
			buildActionMask = 2147483647;
			files = (
			);
			runOnlyForDeploymentPostprocessing = 0;
		};
		F6BD2F4B20B8C2BC00635B1F /* Frameworks */ = {
			isa = PBXFrameworksBuildPhase;
			buildActionMask = 2147483647;
			files = (
			);
			runOnlyForDeploymentPostprocessing = 0;
		};
/* End PBXFrameworksBuildPhase section */

/* Begin PBXGroup section */
		F6BD2F2620B8C2BA00635B1F = {
			isa = PBXGroup;
			children = (
				F6BD2F3120B8C2BA00635B1F /* GPS */,
				F6BD2F4620B8C2BC00635B1F /* GPSTests */,
				F6BD2F5120B8C2BC00635B1F /* GPSUITests */,
				F6BD2F3020B8C2BA00635B1F /* Products */,
			);
			sourceTree = "<group>";
		};
		F6BD2F3020B8C2BA00635B1F /* Products */ = {
			isa = PBXGroup;
			children = (
				F6BD2F2F20B8C2BA00635B1F /* GPS.app */,
				F6BD2F4320B8C2BC00635B1F /* GPSTests.xctest */,
				F6BD2F4E20B8C2BC00635B1F /* GPSUITests.xctest */,
			);
			name = Products;
			sourceTree = "<group>";
		};
		F6BD2F3120B8C2BA00635B1F /* GPS */ = {
			isa = PBXGroup;
			children = (
				F6BD2F3220B8C2BA00635B1F /* AppDelegate.swift */,
				F6BD2F3420B8C2BA00635B1F /* ViewController.swift */,
				F6BD2F3620B8C2BA00635B1F /* Main.storyboard */,
				F6BD2F3920B8C2BC00635B1F /* Assets.xcassets */,
				F6BD2F3B20B8C2BC00635B1F /* LaunchScreen.storyboard */,
				F6BD2F3E20B8C2BC00635B1F /* Info.plist */,
				F6BD2F6020B8D74500635B1F /* BarAnnotation.swift */,
			);
			path = GPS;
			sourceTree = "<group>";
		};
		F6BD2F4620B8C2BC00635B1F /* GPSTests */ = {
			isa = PBXGroup;
			children = (
				F6BD2F4720B8C2BC00635B1F /* GPSTests.swift */,
				F6BD2F4920B8C2BC00635B1F /* Info.plist */,
			);
			path = GPSTests;
			sourceTree = "<group>";
		};
		F6BD2F5120B8C2BC00635B1F /* GPSUITests */ = {
			isa = PBXGroup;
			children = (
				F6BD2F5220B8C2BC00635B1F /* GPSUITests.swift */,
				F6BD2F5420B8C2BC00635B1F /* Info.plist */,
			);
			path = GPSUITests;
			sourceTree = "<group>";
		};
/* End PBXGroup section */

/* Begin PBXNativeTarget section */
		F6BD2F2E20B8C2BA00635B1F /* GPS */ = {
			isa = PBXNativeTarget;
			buildConfigurationList = F6BD2F5720B8C2BC00635B1F /* Build configuration list for PBXNativeTarget "GPS" */;
			buildPhases = (
				F6BD2F2B20B8C2BA00635B1F /* Sources */,
				F6BD2F2C20B8C2BA00635B1F /* Frameworks */,
				F6BD2F2D20B8C2BA00635B1F /* Resources */,
			);
			buildRules = (
			);
			dependencies = (
			);
			name = GPS;
			productName = GPS;
			productReference = F6BD2F2F20B8C2BA00635B1F /* GPS.app */;
			productType = "com.apple.product-type.application";
		};
		F6BD2F4220B8C2BC00635B1F /* GPSTests */ = {
			isa = PBXNativeTarget;
			buildConfigurationList = F6BD2F5A20B8C2BC00635B1F /* Build configuration list for PBXNativeTarget "GPSTests" */;
			buildPhases = (
				F6BD2F3F20B8C2BC00635B1F /* Sources */,
				F6BD2F4020B8C2BC00635B1F /* Frameworks */,
				F6BD2F4120B8C2BC00635B1F /* Resources */,
			);
			buildRules = (
			);
			dependencies = (
				F6BD2F4520B8C2BC00635B1F /* PBXTargetDependency */,
			);
			name = GPSTests;
			productName = GPSTests;
			productReference = F6BD2F4320B8C2BC00635B1F /* GPSTests.xctest */;
			productType = "com.apple.product-type.bundle.unit-test";
		};
		F6BD2F4D20B8C2BC00635B1F /* GPSUITests */ = {
			isa = PBXNativeTarget;
			buildConfigurationList = F6BD2F5D20B8C2BC00635B1F /* Build configuration list for PBXNativeTarget "GPSUITests" */;
			buildPhases = (
				F6BD2F4A20B8C2BC00635B1F /* Sources */,
				F6BD2F4B20B8C2BC00635B1F /* Frameworks */,
				F6BD2F4C20B8C2BC00635B1F /* Resources */,
			);
			buildRules = (
			);
			dependencies = (
				F6BD2F5020B8C2BC00635B1F /* PBXTargetDependency */,
			);
			name = GPSUITests;
			productName = GPSUITests;
			productReference = F6BD2F4E20B8C2BC00635B1F /* GPSUITests.xctest */;
			productType = "com.apple.product-type.bundle.ui-testing";
		};
/* End PBXNativeTarget section */

/* Begin PBXProject section */
		F6BD2F2720B8C2BA00635B1F /* Project object */ = {
			isa = PBXProject;
			attributes = {
				LastSwiftUpdateCheck = 0930;
				LastUpgradeCheck = 0930;
				ORGANIZATIONNAME = SEEDVI;
				TargetAttributes = {
					F6BD2F2E20B8C2BA00635B1F = {
						CreatedOnToolsVersion = 9.3.1;
					};
					F6BD2F4220B8C2BC00635B1F = {
						CreatedOnToolsVersion = 9.3.1;
						TestTargetID = F6BD2F2E20B8C2BA00635B1F;
					};
					F6BD2F4D20B8C2BC00635B1F = {
						CreatedOnToolsVersion = 9.3.1;
						TestTargetID = F6BD2F2E20B8C2BA00635B1F;
					};
				};
			};
			buildConfigurationList = F6BD2F2A20B8C2BA00635B1F /* Build configuration list for PBXProject "GPS" */;
			compatibilityVersion = "Xcode 9.3";
			developmentRegion = en;
			hasScannedForEncodings = 0;
			knownRegions = (
				en,
				Base,
			);
			mainGroup = F6BD2F2620B8C2BA00635B1F;
			productRefGroup = F6BD2F3020B8C2BA00635B1F /* Products */;
			projectDirPath = "";
			projectRoot = "";
			targets = (
				F6BD2F2E20B8C2BA00635B1F /* GPS */,
				F6BD2F4220B8C2BC00635B1F /* GPSTests */,
				F6BD2F4D20B8C2BC00635B1F /* GPSUITests */,
			);
		};
/* End PBXProject section */

/* Begin PBXResourcesBuildPhase section */
		F6BD2F2D20B8C2BA00635B1F /* Resources */ = {
			isa = PBXResourcesBuildPhase;
			buildActionMask = 2147483647;
			files = (
				F6BD2F3D20B8C2BC00635B1F /* LaunchScreen.storyboard in Resources */,
				F6BD2F3A20B8C2BC00635B1F /* Assets.xcassets in Resources */,
				F6BD2F3820B8C2BA00635B1F /* Main.storyboard in Resources */,
			);
			runOnlyForDeploymentPostprocessing = 0;
		};
		F6BD2F4120B8C2BC00635B1F /* Resources */ = {
			isa = PBXResourcesBuildPhase;
			buildActionMask = 2147483647;
			files = (
			);
			runOnlyForDeploymentPostprocessing = 0;
		};
		F6BD2F4C20B8C2BC00635B1F /* Resources */ = {
			isa = PBXResourcesBuildPhase;
			buildActionMask = 2147483647;
			files = (
			);
			runOnlyForDeploymentPostprocessing = 0;
		};
/* End PBXResourcesBuildPhase section */

/* Begin PBXSourcesBuildPhase section */
		F6BD2F2B20B8C2BA00635B1F /* Sources */ = {
			isa = PBXSourcesBuildPhase;
			buildActionMask = 2147483647;
			files = (
				F6BD2F3520B8C2BA00635B1F /* ViewController.swift in Sources */,
				F6BD2F6120B8D74500635B1F /* BarAnnotation.swift in Sources */,
				F6BD2F3320B8C2BA00635B1F /* AppDelegate.swift in Sources */,
			);
			runOnlyForDeploymentPostprocessing = 0;
		};
		F6BD2F3F20B8C2BC00635B1F /* Sources */ = {
			isa = PBXSourcesBuildPhase;
			buildActionMask = 2147483647;
			files = (
				F6BD2F4820B8C2BC00635B1F /* GPSTests.swift in Sources */,
			);
			runOnlyForDeploymentPostprocessing = 0;
		};
		F6BD2F4A20B8C2BC00635B1F /* Sources */ = {
			isa = PBXSourcesBuildPhase;
			buildActionMask = 2147483647;
			files = (
				F6BD2F5320B8C2BC00635B1F /* GPSUITests.swift in Sources */,
			);
			runOnlyForDeploymentPostprocessing = 0;
		};
/* End PBXSourcesBuildPhase section */

/* Begin PBXTargetDependency section */
		F6BD2F4520B8C2BC00635B1F /* PBXTargetDependency */ = {
			isa = PBXTargetDependency;
			target = F6BD2F2E20B8C2BA00635B1F /* GPS */;
			targetProxy = F6BD2F4420B8C2BC00635B1F /* PBXContainerItemProxy */;
		};
		F6BD2F5020B8C2BC00635B1F /* PBXTargetDependency */ = {
			isa = PBXTargetDependency;
			target = F6BD2F2E20B8C2BA00635B1F /* GPS */;
			targetProxy = F6BD2F4F20B8C2BC00635B1F /* PBXContainerItemProxy */;
		};
/* End PBXTargetDependency section */

/* Begin PBXVariantGroup section */
		F6BD2F3620B8C2BA00635B1F /* Main.storyboard */ = {
			isa = PBXVariantGroup;
			children = (
				F6BD2F3720B8C2BA00635B1F /* Base */,
			);
			name = Main.storyboard;
			sourceTree = "<group>";
		};
		F6BD2F3B20B8C2BC00635B1F /* LaunchScreen.storyboard */ = {
			isa = PBXVariantGroup;
			children = (
				F6BD2F3C20B8C2BC00635B1F /* Base */,
			);
			name = LaunchScreen.storyboard;
			sourceTree = "<group>";
		};
/* End PBXVariantGroup section */

/* Begin XCBuildConfiguration section */
		F6BD2F5520B8C2BC00635B1F /* Debug */ = {
			isa = XCBuildConfiguration;
			buildSettings = {
				ALWAYS_SEARCH_USER_PATHS = NO;
				CLANG_ANALYZER_NONNULL = YES;
				CLANG_ANALYZER_NUMBER_OBJECT_CONVERSION = YES_AGGRESSIVE;
				CLANG_CXX_LANGUAGE_STANDARD = "gnu++14";
				CLANG_CXX_LIBRARY = "libc++";
				CLANG_ENABLE_MODULES = YES;
				CLANG_ENABLE_OBJC_ARC = YES;
				CLANG_ENABLE_OBJC_WEAK = YES;
				CLANG_WARN_BLOCK_CAPTURE_AUTORELEASING = YES;
				CLANG_WARN_BOOL_CONVERSION = YES;
				CLANG_WARN_COMMA = YES;
				CLANG_WARN_CONSTANT_CONVERSION = YES;
				CLANG_WARN_DEPRECATED_OBJC_IMPLEMENTATIONS = YES;
				CLANG_WARN_DIRECT_OBJC_ISA_USAGE = YES_ERROR;
				CLANG_WARN_DOCUMENTATION_COMMENTS = YES;
				CLANG_WARN_EMPTY_BODY = YES;
				CLANG_WARN_ENUM_CONVERSION = YES;
				CLANG_WARN_INFINITE_RECURSION = YES;
				CLANG_WARN_INT_CONVERSION = YES;
				CLANG_WARN_NON_LITERAL_NULL_CONVERSION = YES;
				CLANG_WARN_OBJC_IMPLICIT_RETAIN_SELF = YES;
				CLANG_WARN_OBJC_LITERAL_CONVERSION = YES;
				CLANG_WARN_OBJC_ROOT_CLASS = YES_ERROR;
				CLANG_WARN_RANGE_LOOP_ANALYSIS = YES;
				CLANG_WARN_STRICT_PROTOTYPES = YES;
				CLANG_WARN_SUSPICIOUS_MOVE = YES;
				CLANG_WARN_UNGUARDED_AVAILABILITY = YES_AGGRESSIVE;
				CLANG_WARN_UNREACHABLE_CODE = YES;
				CLANG_WARN__DUPLICATE_METHOD_MATCH = YES;
				CODE_SIGN_IDENTITY = "iPhone Developer";
				COPY_PHASE_STRIP = NO;
				DEBUG_INFORMATION_FORMAT = dwarf;
				ENABLE_STRICT_OBJC_MSGSEND = YES;
				ENABLE_TESTABILITY = YES;
				GCC_C_LANGUAGE_STANDARD = gnu11;
				GCC_DYNAMIC_NO_PIC = NO;
				GCC_NO_COMMON_BLOCKS = YES;
				GCC_OPTIMIZATION_LEVEL = 0;
				GCC_PREPROCESSOR_DEFINITIONS = (
					"DEBUG=1",
					"$(inherited)",
				);
				GCC_WARN_64_TO_32_BIT_CONVERSION = YES;
				GCC_WARN_ABOUT_RETURN_TYPE = YES_ERROR;
				GCC_WARN_UNDECLARED_SELECTOR = YES;
				GCC_WARN_UNINITIALIZED_AUTOS = YES_AGGRESSIVE;
				GCC_WARN_UNUSED_FUNCTION = YES;
				GCC_WARN_UNUSED_VARIABLE = YES;
				IPHONEOS_DEPLOYMENT_TARGET = 11.3;
				MTL_ENABLE_DEBUG_INFO = YES;
				ONLY_ACTIVE_ARCH = YES;
				SDKROOT = iphoneos;
				SWIFT_ACTIVE_COMPILATION_CONDITIONS = DEBUG;
				SWIFT_OPTIMIZATION_LEVEL = "-Onone";
			};
			name = Debug;
		};
		F6BD2F5620B8C2BC00635B1F /* Release */ = {
			isa = XCBuildConfiguration;
			buildSettings = {
				ALWAYS_SEARCH_USER_PATHS = NO;
				CLANG_ANALYZER_NONNULL = YES;
				CLANG_ANALYZER_NUMBER_OBJECT_CONVERSION = YES_AGGRESSIVE;
				CLANG_CXX_LANGUAGE_STANDARD = "gnu++14";
				CLANG_CXX_LIBRARY = "libc++";
				CLANG_ENABLE_MODULES = YES;
				CLANG_ENABLE_OBJC_ARC = YES;
				CLANG_ENABLE_OBJC_WEAK = YES;
				CLANG_WARN_BLOCK_CAPTURE_AUTORELEASING = YES;
				CLANG_WARN_BOOL_CONVERSION = YES;
				CLANG_WARN_COMMA = YES;
				CLANG_WARN_CONSTANT_CONVERSION = YES;
				CLANG_WARN_DEPRECATED_OBJC_IMPLEMENTATIONS = YES;
				CLANG_WARN_DIRECT_OBJC_ISA_USAGE = YES_ERROR;
				CLANG_WARN_DOCUMENTATION_COMMENTS = YES;
				CLANG_WARN_EMPTY_BODY = YES;
				CLANG_WARN_ENUM_CONVERSION = YES;
				CLANG_WARN_INFINITE_RECURSION = YES;
				CLANG_WARN_INT_CONVERSION = YES;
				CLANG_WARN_NON_LITERAL_NULL_CONVERSION = YES;
				CLANG_WARN_OBJC_IMPLICIT_RETAIN_SELF = YES;
				CLANG_WARN_OBJC_LITERAL_CONVERSION = YES;
				CLANG_WARN_OBJC_ROOT_CLASS = YES_ERROR;
				CLANG_WARN_RANGE_LOOP_ANALYSIS = YES;
				CLANG_WARN_STRICT_PROTOTYPES = YES;
				CLANG_WARN_SUSPICIOUS_MOVE = YES;
				CLANG_WARN_UNGUARDED_AVAILABILITY = YES_AGGRESSIVE;
				CLANG_WARN_UNREACHABLE_CODE = YES;
				CLANG_WARN__DUPLICATE_METHOD_MATCH = YES;
				CODE_SIGN_IDENTITY = "iPhone Developer";
				COPY_PHASE_STRIP = NO;
				DEBUG_INFORMATION_FORMAT = "dwarf-with-dsym";
				ENABLE_NS_ASSERTIONS = NO;
				ENABLE_STRICT_OBJC_MSGSEND = YES;
				GCC_C_LANGUAGE_STANDARD = gnu11;
				GCC_NO_COMMON_BLOCKS = YES;
				GCC_WARN_64_TO_32_BIT_CONVERSION = YES;
				GCC_WARN_ABOUT_RETURN_TYPE = YES_ERROR;
				GCC_WARN_UNDECLARED_SELECTOR = YES;
				GCC_WARN_UNINITIALIZED_AUTOS = YES_AGGRESSIVE;
				GCC_WARN_UNUSED_FUNCTION = YES;
				GCC_WARN_UNUSED_VARIABLE = YES;
				IPHONEOS_DEPLOYMENT_TARGET = 11.3;
				MTL_ENABLE_DEBUG_INFO = NO;
				SDKROOT = iphoneos;
				SWIFT_COMPILATION_MODE = wholemodule;
				SWIFT_OPTIMIZATION_LEVEL = "-O";
				VALIDATE_PRODUCT = YES;
			};
			name = Release;
		};
		F6BD2F5820B8C2BC00635B1F /* Debug */ = {
			isa = XCBuildConfiguration;
			buildSettings = {
				ASSETCATALOG_COMPILER_APPICON_NAME = AppIcon;
				CODE_SIGN_STYLE = Automatic;
				INFOPLIST_FILE = GPS/Info.plist;
				LD_RUNPATH_SEARCH_PATHS = (
					"$(inherited)",
					"@executable_path/Frameworks",
				);
				PRODUCT_BUNDLE_IDENTIFIER = com.seedvi.GPS;
				PRODUCT_NAME = "$(TARGET_NAME)";
				SWIFT_VERSION = 4.0;
				TARGETED_DEVICE_FAMILY = "1,2";
			};
			name = Debug;
		};
		F6BD2F5920B8C2BC00635B1F /* Release */ = {
			isa = XCBuildConfiguration;
			buildSettings = {
				ASSETCATALOG_COMPILER_APPICON_NAME = AppIcon;
				CODE_SIGN_STYLE = Automatic;
				INFOPLIST_FILE = GPS/Info.plist;
				LD_RUNPATH_SEARCH_PATHS = (
					"$(inherited)",
					"@executable_path/Frameworks",
				);
				PRODUCT_BUNDLE_IDENTIFIER = com.seedvi.GPS;
				PRODUCT_NAME = "$(TARGET_NAME)";
				SWIFT_VERSION = 4.0;
				TARGETED_DEVICE_FAMILY = "1,2";
			};
			name = Release;
		};
		F6BD2F5B20B8C2BC00635B1F /* Debug */ = {
			isa = XCBuildConfiguration;
			buildSettings = {
				ALWAYS_EMBED_SWIFT_STANDARD_LIBRARIES = YES;
				BUNDLE_LOADER = "$(TEST_HOST)";
				CODE_SIGN_STYLE = Automatic;
				INFOPLIST_FILE = GPSTests/Info.plist;
				LD_RUNPATH_SEARCH_PATHS = (
					"$(inherited)",
					"@executable_path/Frameworks",
					"@loader_path/Frameworks",
				);
				PRODUCT_BUNDLE_IDENTIFIER = com.seedvi.GPSTests;
				PRODUCT_NAME = "$(TARGET_NAME)";
				SWIFT_VERSION = 4.0;
				TARGETED_DEVICE_FAMILY = "1,2";
				TEST_HOST = "$(BUILT_PRODUCTS_DIR)/GPS.app/GPS";
			};
			name = Debug;
		};
		F6BD2F5C20B8C2BC00635B1F /* Release */ = {
			isa = XCBuildConfiguration;
			buildSettings = {
				ALWAYS_EMBED_SWIFT_STANDARD_LIBRARIES = YES;
				BUNDLE_LOADER = "$(TEST_HOST)";
				CODE_SIGN_STYLE = Automatic;
				INFOPLIST_FILE = GPSTests/Info.plist;
				LD_RUNPATH_SEARCH_PATHS = (
					"$(inherited)",
					"@executable_path/Frameworks",
					"@loader_path/Frameworks",
				);
				PRODUCT_BUNDLE_IDENTIFIER = com.seedvi.GPSTests;
				PRODUCT_NAME = "$(TARGET_NAME)";
				SWIFT_VERSION = 4.0;
				TARGETED_DEVICE_FAMILY = "1,2";
				TEST_HOST = "$(BUILT_PRODUCTS_DIR)/GPS.app/GPS";
			};
			name = Release;
		};
		F6BD2F5E20B8C2BC00635B1F /* Debug */ = {
			isa = XCBuildConfiguration;
			buildSettings = {
				ALWAYS_EMBED_SWIFT_STANDARD_LIBRARIES = YES;
				CODE_SIGN_STYLE = Automatic;
				INFOPLIST_FILE = GPSUITests/Info.plist;
				LD_RUNPATH_SEARCH_PATHS = (
					"$(inherited)",
					"@executable_path/Frameworks",
					"@loader_path/Frameworks",
				);
				PRODUCT_BUNDLE_IDENTIFIER = com.seedvi.GPSUITests;
				PRODUCT_NAME = "$(TARGET_NAME)";
				SWIFT_VERSION = 4.0;
				TARGETED_DEVICE_FAMILY = "1,2";
				TEST_TARGET_NAME = GPS;
			};
			name = Debug;
		};
		F6BD2F5F20B8C2BC00635B1F /* Release */ = {
			isa = XCBuildConfiguration;
			buildSettings = {
				ALWAYS_EMBED_SWIFT_STANDARD_LIBRARIES = YES;
				CODE_SIGN_STYLE = Automatic;
				INFOPLIST_FILE = GPSUITests/Info.plist;
				LD_RUNPATH_SEARCH_PATHS = (
					"$(inherited)",
					"@executable_path/Frameworks",
					"@loader_path/Frameworks",
				);
				PRODUCT_BUNDLE_IDENTIFIER = com.seedvi.GPSUITests;
				PRODUCT_NAME = "$(TARGET_NAME)";
				SWIFT_VERSION = 4.0;
				TARGETED_DEVICE_FAMILY = "1,2";
				TEST_TARGET_NAME = GPS;
			};
			name = Release;
		};
/* End XCBuildConfiguration section */

/* Begin XCConfigurationList section */
		F6BD2F2A20B8C2BA00635B1F /* Build configuration list for PBXProject "GPS" */ = {
			isa = XCConfigurationList;
			buildConfigurations = (
				F6BD2F5520B8C2BC00635B1F /* Debug */,
				F6BD2F5620B8C2BC00635B1F /* Release */,
			);
			defaultConfigurationIsVisible = 0;
			defaultConfigurationName = Release;
		};
		F6BD2F5720B8C2BC00635B1F /* Build configuration list for PBXNativeTarget "GPS" */ = {
			isa = XCConfigurationList;
			buildConfigurations = (
				F6BD2F5820B8C2BC00635B1F /* Debug */,
				F6BD2F5920B8C2BC00635B1F /* Release */,
			);
			defaultConfigurationIsVisible = 0;
			defaultConfigurationName = Release;
		};
		F6BD2F5A20B8C2BC00635B1F /* Build configuration list for PBXNativeTarget "GPSTests" */ = {
			isa = XCConfigurationList;
			buildConfigurations = (
				F6BD2F5B20B8C2BC00635B1F /* Debug */,
				F6BD2F5C20B8C2BC00635B1F /* Release */,
			);
			defaultConfigurationIsVisible = 0;
			defaultConfigurationName = Release;
		};
		F6BD2F5D20B8C2BC00635B1F /* Build configuration list for PBXNativeTarget "GPSUITests" */ = {
			isa = XCConfigurationList;
			buildConfigurations = (
				F6BD2F5E20B8C2BC00635B1F /* Debug */,
				F6BD2F5F20B8C2BC00635B1F /* Release */,
			);
			defaultConfigurationIsVisible = 0;
			defaultConfigurationName = Release;
		};
/* End XCConfigurationList section */
	};
	rootObject = F6BD2F2720B8C2BA00635B1F /* Project object */;
}
