// !$*UTF8*$!
{
	archiveVersion = 1;
	classes = {
	};
	objectVersion = 50;
	objects = {

/* Begin PBXBuildFile section */
		F65443D820A75F8200F20ED7 /* AppDelegate.swift in Sources */ = {isa = PBXBuildFile; fileRef = F65443D720A75F8200F20ED7 /* AppDelegate.swift */; };
		F65443DA20A75F8200F20ED7 /* ViewController.swift in Sources */ = {isa = PBXBuildFile; fileRef = F65443D920A75F8200F20ED7 /* ViewController.swift */; };
		F65443DD20A75F8200F20ED7 /* Main.storyboard in Resources */ = {isa = PBXBuildFile; fileRef = F65443DB20A75F8200F20ED7 /* Main.storyboard */; };
		F65443DF20A75F8300F20ED7 /* Assets.xcassets in Resources */ = {isa = PBXBuildFile; fileRef = F65443DE20A75F8300F20ED7 /* Assets.xcassets */; };
		F65443E220A75F8300F20ED7 /* LaunchScreen.storyboard in Resources */ = {isa = PBXBuildFile; fileRef = F65443E020A75F8300F20ED7 /* LaunchScreen.storyboard */; };
		F65443ED20A75F8300F20ED7 /* animaniacTests.swift in Sources */ = {isa = PBXBuildFile; fileRef = F65443EC20A75F8300F20ED7 /* animaniacTests.swift */; };
		F65443F820A75F8300F20ED7 /* animaniacUITests.swift in Sources */ = {isa = PBXBuildFile; fileRef = F65443F720A75F8300F20ED7 /* animaniacUITests.swift */; };
/* End PBXBuildFile section */

/* Begin PBXContainerItemProxy section */
		F65443E920A75F8300F20ED7 /* PBXContainerItemProxy */ = {
			isa = PBXContainerItemProxy;
			containerPortal = F65443CC20A75F8200F20ED7 /* Project object */;
			proxyType = 1;
			remoteGlobalIDString = F65443D320A75F8200F20ED7;
			remoteInfo = animaniac;
		};
		F65443F420A75F8300F20ED7 /* PBXContainerItemProxy */ = {
			isa = PBXContainerItemProxy;
			containerPortal = F65443CC20A75F8200F20ED7 /* Project object */;
			proxyType = 1;
			remoteGlobalIDString = F65443D320A75F8200F20ED7;
			remoteInfo = animaniac;
		};
/* End PBXContainerItemProxy section */

/* Begin PBXFileReference section */
		F65443D420A75F8200F20ED7 /* animaniac.app */ = {isa = PBXFileReference; explicitFileType = wrapper.application; includeInIndex = 0; path = animaniac.app; sourceTree = BUILT_PRODUCTS_DIR; };
		F65443D720A75F8200F20ED7 /* AppDelegate.swift */ = {isa = PBXFileReference; lastKnownFileType = sourcecode.swift; path = AppDelegate.swift; sourceTree = "<group>"; };
		F65443D920A75F8200F20ED7 /* ViewController.swift */ = {isa = PBXFileReference; lastKnownFileType = sourcecode.swift; path = ViewController.swift; sourceTree = "<group>"; };
		F65443DC20A75F8200F20ED7 /* Base */ = {isa = PBXFileReference; lastKnownFileType = file.storyboard; name = Base; path = Base.lproj/Main.storyboard; sourceTree = "<group>"; };
		F65443DE20A75F8300F20ED7 /* Assets.xcassets */ = {isa = PBXFileReference; lastKnownFileType = folder.assetcatalog; path = Assets.xcassets; sourceTree = "<group>"; };
		F65443E120A75F8300F20ED7 /* Base */ = {isa = PBXFileReference; lastKnownFileType = file.storyboard; name = Base; path = Base.lproj/LaunchScreen.storyboard; sourceTree = "<group>"; };
		F65443E320A75F8300F20ED7 /* Info.plist */ = {isa = PBXFileReference; lastKnownFileType = text.plist.xml; path = Info.plist; sourceTree = "<group>"; };
		F65443E820A75F8300F20ED7 /* animaniacTests.xctest */ = {isa = PBXFileReference; explicitFileType = wrapper.cfbundle; includeInIndex = 0; path = animaniacTests.xctest; sourceTree = BUILT_PRODUCTS_DIR; };
		F65443EC20A75F8300F20ED7 /* animaniacTests.swift */ = {isa = PBXFileReference; lastKnownFileType = sourcecode.swift; path = animaniacTests.swift; sourceTree = "<group>"; };
		F65443EE20A75F8300F20ED7 /* Info.plist */ = {isa = PBXFileReference; lastKnownFileType = text.plist.xml; path = Info.plist; sourceTree = "<group>"; };
		F65443F320A75F8300F20ED7 /* animaniacUITests.xctest */ = {isa = PBXFileReference; explicitFileType = wrapper.cfbundle; includeInIndex = 0; path = animaniacUITests.xctest; sourceTree = BUILT_PRODUCTS_DIR; };
		F65443F720A75F8300F20ED7 /* animaniacUITests.swift */ = {isa = PBXFileReference; lastKnownFileType = sourcecode.swift; path = animaniacUITests.swift; sourceTree = "<group>"; };
		F65443F920A75F8300F20ED7 /* Info.plist */ = {isa = PBXFileReference; lastKnownFileType = text.plist.xml; path = Info.plist; sourceTree = "<group>"; };
/* End PBXFileReference section */

/* Begin PBXFrameworksBuildPhase section */
		F65443D120A75F8200F20ED7 /* Frameworks */ = {
			isa = PBXFrameworksBuildPhase;
			buildActionMask = 2147483647;
			files = (
			);
			runOnlyForDeploymentPostprocessing = 0;
		};
		F65443E520A75F8300F20ED7 /* Frameworks */ = {
			isa = PBXFrameworksBuildPhase;
			buildActionMask = 2147483647;
			files = (
			);
			runOnlyForDeploymentPostprocessing = 0;
		};
		F65443F020A75F8300F20ED7 /* Frameworks */ = {
			isa = PBXFrameworksBuildPhase;
			buildActionMask = 2147483647;
			files = (
			);
			runOnlyForDeploymentPostprocessing = 0;
		};
/* End PBXFrameworksBuildPhase section */

/* Begin PBXGroup section */
		F65443CB20A75F8200F20ED7 = {
			isa = PBXGroup;
			children = (
				F65443D620A75F8200F20ED7 /* animaniac */,
				F65443EB20A75F8300F20ED7 /* animaniacTests */,
				F65443F620A75F8300F20ED7 /* animaniacUITests */,
				F65443D520A75F8200F20ED7 /* Products */,
			);
			sourceTree = "<group>";
		};
		F65443D520A75F8200F20ED7 /* Products */ = {
			isa = PBXGroup;
			children = (
				F65443D420A75F8200F20ED7 /* animaniac.app */,
				F65443E820A75F8300F20ED7 /* animaniacTests.xctest */,
				F65443F320A75F8300F20ED7 /* animaniacUITests.xctest */,
			);
			name = Products;
			sourceTree = "<group>";
		};
		F65443D620A75F8200F20ED7 /* animaniac */ = {
			isa = PBXGroup;
			children = (
				F65443D720A75F8200F20ED7 /* AppDelegate.swift */,
				F65443D920A75F8200F20ED7 /* ViewController.swift */,
				F65443DB20A75F8200F20ED7 /* Main.storyboard */,
				F65443DE20A75F8300F20ED7 /* Assets.xcassets */,
				F65443E020A75F8300F20ED7 /* LaunchScreen.storyboard */,
				F65443E320A75F8300F20ED7 /* Info.plist */,
			);
			path = animaniac;
			sourceTree = "<group>";
		};
		F65443EB20A75F8300F20ED7 /* animaniacTests */ = {
			isa = PBXGroup;
			children = (
				F65443EC20A75F8300F20ED7 /* animaniacTests.swift */,
				F65443EE20A75F8300F20ED7 /* Info.plist */,
			);
			path = animaniacTests;
			sourceTree = "<group>";
		};
		F65443F620A75F8300F20ED7 /* animaniacUITests */ = {
			isa = PBXGroup;
			children = (
				F65443F720A75F8300F20ED7 /* animaniacUITests.swift */,
				F65443F920A75F8300F20ED7 /* Info.plist */,
			);
			path = animaniacUITests;
			sourceTree = "<group>";
		};
/* End PBXGroup section */

/* Begin PBXNativeTarget section */
		F65443D320A75F8200F20ED7 /* animaniac */ = {
			isa = PBXNativeTarget;
			buildConfigurationList = F65443FC20A75F8400F20ED7 /* Build configuration list for PBXNativeTarget "animaniac" */;
			buildPhases = (
				F65443D020A75F8200F20ED7 /* Sources */,
				F65443D120A75F8200F20ED7 /* Frameworks */,
				F65443D220A75F8200F20ED7 /* Resources */,
			);
			buildRules = (
			);
			dependencies = (
			);
			name = animaniac;
			productName = animaniac;
			productReference = F65443D420A75F8200F20ED7 /* animaniac.app */;
			productType = "com.apple.product-type.application";
		};
		F65443E720A75F8300F20ED7 /* animaniacTests */ = {
			isa = PBXNativeTarget;
			buildConfigurationList = F65443FF20A75F8400F20ED7 /* Build configuration list for PBXNativeTarget "animaniacTests" */;
			buildPhases = (
				F65443E420A75F8300F20ED7 /* Sources */,
				F65443E520A75F8300F20ED7 /* Frameworks */,
				F65443E620A75F8300F20ED7 /* Resources */,
			);
			buildRules = (
			);
			dependencies = (
				F65443EA20A75F8300F20ED7 /* PBXTargetDependency */,
			);
			name = animaniacTests;
			productName = animaniacTests;
			productReference = F65443E820A75F8300F20ED7 /* animaniacTests.xctest */;
			productType = "com.apple.product-type.bundle.unit-test";
		};
		F65443F220A75F8300F20ED7 /* animaniacUITests */ = {
			isa = PBXNativeTarget;
			buildConfigurationList = F654440220A75F8400F20ED7 /* Build configuration list for PBXNativeTarget "animaniacUITests" */;
			buildPhases = (
				F65443EF20A75F8300F20ED7 /* Sources */,
				F65443F020A75F8300F20ED7 /* Frameworks */,
				F65443F120A75F8300F20ED7 /* Resources */,
			);
			buildRules = (
			);
			dependencies = (
				F65443F520A75F8300F20ED7 /* PBXTargetDependency */,
			);
			name = animaniacUITests;
			productName = animaniacUITests;
			productReference = F65443F320A75F8300F20ED7 /* animaniacUITests.xctest */;
			productType = "com.apple.product-type.bundle.ui-testing";
		};
/* End PBXNativeTarget section */

/* Begin PBXProject section */
		F65443CC20A75F8200F20ED7 /* Project object */ = {
			isa = PBXProject;
			attributes = {
				LastSwiftUpdateCheck = 0930;
				LastUpgradeCheck = 0930;
				ORGANIZATIONNAME = SEEDVI;
				TargetAttributes = {
					F65443D320A75F8200F20ED7 = {
						CreatedOnToolsVersion = 9.3;
					};
					F65443E720A75F8300F20ED7 = {
						CreatedOnToolsVersion = 9.3;
						TestTargetID = F65443D320A75F8200F20ED7;
					};
					F65443F220A75F8300F20ED7 = {
						CreatedOnToolsVersion = 9.3;
						TestTargetID = F65443D320A75F8200F20ED7;
					};
				};
			};
			buildConfigurationList = F65443CF20A75F8200F20ED7 /* Build configuration list for PBXProject "animaniac" */;
			compatibilityVersion = "Xcode 9.3";
			developmentRegion = en;
			hasScannedForEncodings = 0;
			knownRegions = (
				en,
				Base,
			);
			mainGroup = F65443CB20A75F8200F20ED7;
			productRefGroup = F65443D520A75F8200F20ED7 /* Products */;
			projectDirPath = "";
			projectRoot = "";
			targets = (
				F65443D320A75F8200F20ED7 /* animaniac */,
				F65443E720A75F8300F20ED7 /* animaniacTests */,
				F65443F220A75F8300F20ED7 /* animaniacUITests */,
			);
		};
/* End PBXProject section */

/* Begin PBXResourcesBuildPhase section */
		F65443D220A75F8200F20ED7 /* Resources */ = {
			isa = PBXResourcesBuildPhase;
			buildActionMask = 2147483647;
			files = (
				F65443E220A75F8300F20ED7 /* LaunchScreen.storyboard in Resources */,
				F65443DF20A75F8300F20ED7 /* Assets.xcassets in Resources */,
				F65443DD20A75F8200F20ED7 /* Main.storyboard in Resources */,
			);
			runOnlyForDeploymentPostprocessing = 0;
		};
		F65443E620A75F8300F20ED7 /* Resources */ = {
			isa = PBXResourcesBuildPhase;
			buildActionMask = 2147483647;
			files = (
			);
			runOnlyForDeploymentPostprocessing = 0;
		};
		F65443F120A75F8300F20ED7 /* Resources */ = {
			isa = PBXResourcesBuildPhase;
			buildActionMask = 2147483647;
			files = (
			);
			runOnlyForDeploymentPostprocessing = 0;
		};
/* End PBXResourcesBuildPhase section */

/* Begin PBXSourcesBuildPhase section */
		F65443D020A75F8200F20ED7 /* Sources */ = {
			isa = PBXSourcesBuildPhase;
			buildActionMask = 2147483647;
			files = (
				F65443DA20A75F8200F20ED7 /* ViewController.swift in Sources */,
				F65443D820A75F8200F20ED7 /* AppDelegate.swift in Sources */,
			);
			runOnlyForDeploymentPostprocessing = 0;
		};
		F65443E420A75F8300F20ED7 /* Sources */ = {
			isa = PBXSourcesBuildPhase;
			buildActionMask = 2147483647;
			files = (
				F65443ED20A75F8300F20ED7 /* animaniacTests.swift in Sources */,
			);
			runOnlyForDeploymentPostprocessing = 0;
		};
		F65443EF20A75F8300F20ED7 /* Sources */ = {
			isa = PBXSourcesBuildPhase;
			buildActionMask = 2147483647;
			files = (
				F65443F820A75F8300F20ED7 /* animaniacUITests.swift in Sources */,
			);
			runOnlyForDeploymentPostprocessing = 0;
		};
/* End PBXSourcesBuildPhase section */

/* Begin PBXTargetDependency section */
		F65443EA20A75F8300F20ED7 /* PBXTargetDependency */ = {
			isa = PBXTargetDependency;
			target = F65443D320A75F8200F20ED7 /* animaniac */;
			targetProxy = F65443E920A75F8300F20ED7 /* PBXContainerItemProxy */;
		};
		F65443F520A75F8300F20ED7 /* PBXTargetDependency */ = {
			isa = PBXTargetDependency;
			target = F65443D320A75F8200F20ED7 /* animaniac */;
			targetProxy = F65443F420A75F8300F20ED7 /* PBXContainerItemProxy */;
		};
/* End PBXTargetDependency section */

/* Begin PBXVariantGroup section */
		F65443DB20A75F8200F20ED7 /* Main.storyboard */ = {
			isa = PBXVariantGroup;
			children = (
				F65443DC20A75F8200F20ED7 /* Base */,
			);
			name = Main.storyboard;
			sourceTree = "<group>";
		};
		F65443E020A75F8300F20ED7 /* LaunchScreen.storyboard */ = {
			isa = PBXVariantGroup;
			children = (
				F65443E120A75F8300F20ED7 /* Base */,
			);
			name = LaunchScreen.storyboard;
			sourceTree = "<group>";
		};
/* End PBXVariantGroup section */

/* Begin XCBuildConfiguration section */
		F65443FA20A75F8400F20ED7 /* Debug */ = {
			isa = XCBuildConfiguration;
			buildSettings = {
				ALWAYS_SEARCH_USER_PATHS = NO;
				CLANG_ANALYZER_NONNULL = YES;
				CLANG_ANALYZER_NUMBER_OBJECT_CONVERSION = YES_AGGRESSIVE;
				CLANG_CXX_LANGUAGE_STANDARD = "gnu++14";
				CLANG_CXX_LIBRARY = "libc++";
				CLANG_ENABLE_MODULES = YES;
				CLANG_ENABLE_OBJC_ARC = YES;
				CLANG_ENABLE_OBJC_WEAK = YES;
				CLANG_WARN_BLOCK_CAPTURE_AUTORELEASING = YES;
				CLANG_WARN_BOOL_CONVERSION = YES;
				CLANG_WARN_COMMA = YES;
				CLANG_WARN_CONSTANT_CONVERSION = YES;
				CLANG_WARN_DEPRECATED_OBJC_IMPLEMENTATIONS = YES;
				CLANG_WARN_DIRECT_OBJC_ISA_USAGE = YES_ERROR;
				CLANG_WARN_DOCUMENTATION_COMMENTS = YES;
				CLANG_WARN_EMPTY_BODY = YES;
				CLANG_WARN_ENUM_CONVERSION = YES;
				CLANG_WARN_INFINITE_RECURSION = YES;
				CLANG_WARN_INT_CONVERSION = YES;
				CLANG_WARN_NON_LITERAL_NULL_CONVERSION = YES;
				CLANG_WARN_OBJC_IMPLICIT_RETAIN_SELF = YES;
				CLANG_WARN_OBJC_LITERAL_CONVERSION = YES;
				CLANG_WARN_OBJC_ROOT_CLASS = YES_ERROR;
				CLANG_WARN_RANGE_LOOP_ANALYSIS = YES;
				CLANG_WARN_STRICT_PROTOTYPES = YES;
				CLANG_WARN_SUSPICIOUS_MOVE = YES;
				CLANG_WARN_UNGUARDED_AVAILABILITY = YES_AGGRESSIVE;
				CLANG_WARN_UNREACHABLE_CODE = YES;
				CLANG_WARN__DUPLICATE_METHOD_MATCH = YES;
				CODE_SIGN_IDENTITY = "iPhone Developer";
				COPY_PHASE_STRIP = NO;
				DEBUG_INFORMATION_FORMAT = dwarf;
				ENABLE_STRICT_OBJC_MSGSEND = YES;
				ENABLE_TESTABILITY = YES;
				GCC_C_LANGUAGE_STANDARD = gnu11;
				GCC_DYNAMIC_NO_PIC = NO;
				GCC_NO_COMMON_BLOCKS = YES;
				GCC_OPTIMIZATION_LEVEL = 0;
				GCC_PREPROCESSOR_DEFINITIONS = (
					"DEBUG=1",
					"$(inherited)",
				);
				GCC_WARN_64_TO_32_BIT_CONVERSION = YES;
				GCC_WARN_ABOUT_RETURN_TYPE = YES_ERROR;
				GCC_WARN_UNDECLARED_SELECTOR = YES;
				GCC_WARN_UNINITIALIZED_AUTOS = YES_AGGRESSIVE;
				GCC_WARN_UNUSED_FUNCTION = YES;
				GCC_WARN_UNUSED_VARIABLE = YES;
				IPHONEOS_DEPLOYMENT_TARGET = 11.3;
				MTL_ENABLE_DEBUG_INFO = YES;
				ONLY_ACTIVE_ARCH = YES;
				SDKROOT = iphoneos;
				SWIFT_ACTIVE_COMPILATION_CONDITIONS = DEBUG;
				SWIFT_OPTIMIZATION_LEVEL = "-Onone";
			};
			name = Debug;
		};
		F65443FB20A75F8400F20ED7 /* Release */ = {
			isa = XCBuildConfiguration;
			buildSettings = {
				ALWAYS_SEARCH_USER_PATHS = NO;
				CLANG_ANALYZER_NONNULL = YES;
				CLANG_ANALYZER_NUMBER_OBJECT_CONVERSION = YES_AGGRESSIVE;
				CLANG_CXX_LANGUAGE_STANDARD = "gnu++14";
				CLANG_CXX_LIBRARY = "libc++";
				CLANG_ENABLE_MODULES = YES;
				CLANG_ENABLE_OBJC_ARC = YES;
				CLANG_ENABLE_OBJC_WEAK = YES;
				CLANG_WARN_BLOCK_CAPTURE_AUTORELEASING = YES;
				CLANG_WARN_BOOL_CONVERSION = YES;
				CLANG_WARN_COMMA = YES;
				CLANG_WARN_CONSTANT_CONVERSION = YES;
				CLANG_WARN_DEPRECATED_OBJC_IMPLEMENTATIONS = YES;
				CLANG_WARN_DIRECT_OBJC_ISA_USAGE = YES_ERROR;
				CLANG_WARN_DOCUMENTATION_COMMENTS = YES;
				CLANG_WARN_EMPTY_BODY = YES;
				CLANG_WARN_ENUM_CONVERSION = YES;
				CLANG_WARN_INFINITE_RECURSION = YES;
				CLANG_WARN_INT_CONVERSION = YES;
				CLANG_WARN_NON_LITERAL_NULL_CONVERSION = YES;
				CLANG_WARN_OBJC_IMPLICIT_RETAIN_SELF = YES;
				CLANG_WARN_OBJC_LITERAL_CONVERSION = YES;
				CLANG_WARN_OBJC_ROOT_CLASS = YES_ERROR;
				CLANG_WARN_RANGE_LOOP_ANALYSIS = YES;
				CLANG_WARN_STRICT_PROTOTYPES = YES;
				CLANG_WARN_SUSPICIOUS_MOVE = YES;
				CLANG_WARN_UNGUARDED_AVAILABILITY = YES_AGGRESSIVE;
				CLANG_WARN_UNREACHABLE_CODE = YES;
				CLANG_WARN__DUPLICATE_METHOD_MATCH = YES;
				CODE_SIGN_IDENTITY = "iPhone Developer";
				COPY_PHASE_STRIP = NO;
				DEBUG_INFORMATION_FORMAT = "dwarf-with-dsym";
				ENABLE_NS_ASSERTIONS = NO;
				ENABLE_STRICT_OBJC_MSGSEND = YES;
				GCC_C_LANGUAGE_STANDARD = gnu11;
				GCC_NO_COMMON_BLOCKS = YES;
				GCC_WARN_64_TO_32_BIT_CONVERSION = YES;
				GCC_WARN_ABOUT_RETURN_TYPE = YES_ERROR;
				GCC_WARN_UNDECLARED_SELECTOR = YES;
				GCC_WARN_UNINITIALIZED_AUTOS = YES_AGGRESSIVE;
				GCC_WARN_UNUSED_FUNCTION = YES;
				GCC_WARN_UNUSED_VARIABLE = YES;
				IPHONEOS_DEPLOYMENT_TARGET = 11.3;
				MTL_ENABLE_DEBUG_INFO = NO;
				SDKROOT = iphoneos;
				SWIFT_COMPILATION_MODE = wholemodule;
				SWIFT_OPTIMIZATION_LEVEL = "-O";
				VALIDATE_PRODUCT = YES;
			};
			name = Release;
		};
		F65443FD20A75F8400F20ED7 /* Debug */ = {
			isa = XCBuildConfiguration;
			buildSettings = {
				ASSETCATALOG_COMPILER_APPICON_NAME = AppIcon;
				CODE_SIGN_STYLE = Automatic;
				INFOPLIST_FILE = animaniac/Info.plist;
				LD_RUNPATH_SEARCH_PATHS = (
					"$(inherited)",
					"@executable_path/Frameworks",
				);
				PRODUCT_BUNDLE_IDENTIFIER = com.seedvi.animaniac;
				PRODUCT_NAME = "$(TARGET_NAME)";
				SWIFT_VERSION = 4.0;
				TARGETED_DEVICE_FAMILY = "1,2";
			};
			name = Debug;
		};
		F65443FE20A75F8400F20ED7 /* Release */ = {
			isa = XCBuildConfiguration;
			buildSettings = {
				ASSETCATALOG_COMPILER_APPICON_NAME = AppIcon;
				CODE_SIGN_STYLE = Automatic;
				INFOPLIST_FILE = animaniac/Info.plist;
				LD_RUNPATH_SEARCH_PATHS = (
					"$(inherited)",
					"@executable_path/Frameworks",
				);
				PRODUCT_BUNDLE_IDENTIFIER = com.seedvi.animaniac;
				PRODUCT_NAME = "$(TARGET_NAME)";
				SWIFT_VERSION = 4.0;
				TARGETED_DEVICE_FAMILY = "1,2";
			};
			name = Release;
		};
		F654440020A75F8400F20ED7 /* Debug */ = {
			isa = XCBuildConfiguration;
			buildSettings = {
				ALWAYS_EMBED_SWIFT_STANDARD_LIBRARIES = YES;
				BUNDLE_LOADER = "$(TEST_HOST)";
				CODE_SIGN_STYLE = Automatic;
				INFOPLIST_FILE = animaniacTests/Info.plist;
				LD_RUNPATH_SEARCH_PATHS = (
					"$(inherited)",
					"@executable_path/Frameworks",
					"@loader_path/Frameworks",
				);
				PRODUCT_BUNDLE_IDENTIFIER = com.seedvi.animaniacTests;
				PRODUCT_NAME = "$(TARGET_NAME)";
				SWIFT_VERSION = 4.0;
				TARGETED_DEVICE_FAMILY = "1,2";
				TEST_HOST = "$(BUILT_PRODUCTS_DIR)/animaniac.app/animaniac";
			};
			name = Debug;
		};
		F654440120A75F8400F20ED7 /* Release */ = {
			isa = XCBuildConfiguration;
			buildSettings = {
				ALWAYS_EMBED_SWIFT_STANDARD_LIBRARIES = YES;
				BUNDLE_LOADER = "$(TEST_HOST)";
				CODE_SIGN_STYLE = Automatic;
				INFOPLIST_FILE = animaniacTests/Info.plist;
				LD_RUNPATH_SEARCH_PATHS = (
					"$(inherited)",
					"@executable_path/Frameworks",
					"@loader_path/Frameworks",
				);
				PRODUCT_BUNDLE_IDENTIFIER = com.seedvi.animaniacTests;
				PRODUCT_NAME = "$(TARGET_NAME)";
				SWIFT_VERSION = 4.0;
				TARGETED_DEVICE_FAMILY = "1,2";
				TEST_HOST = "$(BUILT_PRODUCTS_DIR)/animaniac.app/animaniac";
			};
			name = Release;
		};
		F654440320A75F8400F20ED7 /* Debug */ = {
			isa = XCBuildConfiguration;
			buildSettings = {
				ALWAYS_EMBED_SWIFT_STANDARD_LIBRARIES = YES;
				CODE_SIGN_STYLE = Automatic;
				INFOPLIST_FILE = animaniacUITests/Info.plist;
				LD_RUNPATH_SEARCH_PATHS = (
					"$(inherited)",
					"@executable_path/Frameworks",
					"@loader_path/Frameworks",
				);
				PRODUCT_BUNDLE_IDENTIFIER = com.seedvi.animaniacUITests;
				PRODUCT_NAME = "$(TARGET_NAME)";
				SWIFT_VERSION = 4.0;
				TARGETED_DEVICE_FAMILY = "1,2";
				TEST_TARGET_NAME = animaniac;
			};
			name = Debug;
		};
		F654440420A75F8400F20ED7 /* Release */ = {
			isa = XCBuildConfiguration;
			buildSettings = {
				ALWAYS_EMBED_SWIFT_STANDARD_LIBRARIES = YES;
				CODE_SIGN_STYLE = Automatic;
				INFOPLIST_FILE = animaniacUITests/Info.plist;
				LD_RUNPATH_SEARCH_PATHS = (
					"$(inherited)",
					"@executable_path/Frameworks",
					"@loader_path/Frameworks",
				);
				PRODUCT_BUNDLE_IDENTIFIER = com.seedvi.animaniacUITests;
				PRODUCT_NAME = "$(TARGET_NAME)";
				SWIFT_VERSION = 4.0;
				TARGETED_DEVICE_FAMILY = "1,2";
				TEST_TARGET_NAME = animaniac;
			};
			name = Release;
		};
/* End XCBuildConfiguration section */

/* Begin XCConfigurationList section */
		F65443CF20A75F8200F20ED7 /* Build configuration list for PBXProject "animaniac" */ = {
			isa = XCConfigurationList;
			buildConfigurations = (
				F65443FA20A75F8400F20ED7 /* Debug */,
				F65443FB20A75F8400F20ED7 /* Release */,
			);
			defaultConfigurationIsVisible = 0;
			defaultConfigurationName = Release;
		};
		F65443FC20A75F8400F20ED7 /* Build configuration list for PBXNativeTarget "animaniac" */ = {
			isa = XCConfigurationList;
			buildConfigurations = (
				F65443FD20A75F8400F20ED7 /* Debug */,
				F65443FE20A75F8400F20ED7 /* Release */,
			);
			defaultConfigurationIsVisible = 0;
			defaultConfigurationName = Release;
		};
		F65443FF20A75F8400F20ED7 /* Build configuration list for PBXNativeTarget "animaniacTests" */ = {
			isa = XCConfigurationList;
			buildConfigurations = (
				F654440020A75F8400F20ED7 /* Debug */,
				F654440120A75F8400F20ED7 /* Release */,
			);
			defaultConfigurationIsVisible = 0;
			defaultConfigurationName = Release;
		};
		F654440220A75F8400F20ED7 /* Build configuration list for PBXNativeTarget "animaniacUITests" */ = {
			isa = XCConfigurationList;
			buildConfigurations = (
				F654440320A75F8400F20ED7 /* Debug */,
				F654440420A75F8400F20ED7 /* Release */,
			);
			defaultConfigurationIsVisible = 0;
			defaultConfigurationName = Release;
		};
/* End XCConfigurationList section */
	};
	rootObject = F65443CC20A75F8200F20ED7 /* Project object */;
}
