// !$*UTF8*$!
{
	archiveVersion = 1;
	classes = {
	};
	objectVersion = 48;
	objects = {

/* Begin PBXBuildFile section */
		49F8BA962050D4EC00C571BB /* AppDelegate.swift in Sources */ = {isa = PBXBuildFile; fileRef = 49F8BA952050D4EC00C571BB /* AppDelegate.swift */; };
		49F8BA982050D4EC00C571BB /* ViewController.swift in Sources */ = {isa = PBXBuildFile; fileRef = 49F8BA972050D4EC00C571BB /* ViewController.swift */; };
		49F8BA9B2050D4EC00C571BB /* Main.storyboard in Resources */ = {isa = PBXBuildFile; fileRef = 49F8BA992050D4EC00C571BB /* Main.storyboard */; };
		49F8BA9D2050D4EC00C571BB /* Assets.xcassets in Resources */ = {isa = PBXBuildFile; fileRef = 49F8BA9C2050D4EC00C571BB /* Assets.xcassets */; };
		49F8BAA02050D4EC00C571BB /* LaunchScreen.storyboard in Resources */ = {isa = PBXBuildFile; fileRef = 49F8BA9E2050D4EC00C571BB /* LaunchScreen.storyboard */; };
		49F8BAAB2050D4EC00C571BB /* WorldTrotterTests.swift in Sources */ = {isa = PBXBuildFile; fileRef = 49F8BAAA2050D4EC00C571BB /* WorldTrotterTests.swift */; };
		49F8BAB62050D4EC00C571BB /* WorldTrotterUITests.swift in Sources */ = {isa = PBXBuildFile; fileRef = 49F8BAB52050D4EC00C571BB /* WorldTrotterUITests.swift */; };
/* End PBXBuildFile section */

/* Begin PBXContainerItemProxy section */
		49F8BAA72050D4EC00C571BB /* PBXContainerItemProxy */ = {
			isa = PBXContainerItemProxy;
			containerPortal = 49F8BA8A2050D4EC00C571BB /* Project object */;
			proxyType = 1;
			remoteGlobalIDString = 49F8BA912050D4EC00C571BB;
			remoteInfo = WorldTrotter;
		};
		49F8BAB22050D4EC00C571BB /* PBXContainerItemProxy */ = {
			isa = PBXContainerItemProxy;
			containerPortal = 49F8BA8A2050D4EC00C571BB /* Project object */;
			proxyType = 1;
			remoteGlobalIDString = 49F8BA912050D4EC00C571BB;
			remoteInfo = WorldTrotter;
		};
/* End PBXContainerItemProxy section */

/* Begin PBXFileReference section */
		49F8BA922050D4EC00C571BB /* WorldTrotter.app */ = {isa = PBXFileReference; explicitFileType = wrapper.application; includeInIndex = 0; path = WorldTrotter.app; sourceTree = BUILT_PRODUCTS_DIR; };
		49F8BA952050D4EC00C571BB /* AppDelegate.swift */ = {isa = PBXFileReference; lastKnownFileType = sourcecode.swift; path = AppDelegate.swift; sourceTree = "<group>"; };
		49F8BA972050D4EC00C571BB /* ViewController.swift */ = {isa = PBXFileReference; lastKnownFileType = sourcecode.swift; path = ViewController.swift; sourceTree = "<group>"; };
		49F8BA9A2050D4EC00C571BB /* Base */ = {isa = PBXFileReference; lastKnownFileType = file.storyboard; name = Base; path = Base.lproj/Main.storyboard; sourceTree = "<group>"; };
		49F8BA9C2050D4EC00C571BB /* Assets.xcassets */ = {isa = PBXFileReference; lastKnownFileType = folder.assetcatalog; path = Assets.xcassets; sourceTree = "<group>"; };
		49F8BA9F2050D4EC00C571BB /* Base */ = {isa = PBXFileReference; lastKnownFileType = file.storyboard; name = Base; path = Base.lproj/LaunchScreen.storyboard; sourceTree = "<group>"; };
		49F8BAA12050D4EC00C571BB /* Info.plist */ = {isa = PBXFileReference; lastKnownFileType = text.plist.xml; path = Info.plist; sourceTree = "<group>"; };
		49F8BAA62050D4EC00C571BB /* WorldTrotterTests.xctest */ = {isa = PBXFileReference; explicitFileType = wrapper.cfbundle; includeInIndex = 0; path = WorldTrotterTests.xctest; sourceTree = BUILT_PRODUCTS_DIR; };
		49F8BAAA2050D4EC00C571BB /* WorldTrotterTests.swift */ = {isa = PBXFileReference; lastKnownFileType = sourcecode.swift; path = WorldTrotterTests.swift; sourceTree = "<group>"; };
		49F8BAAC2050D4EC00C571BB /* Info.plist */ = {isa = PBXFileReference; lastKnownFileType = text.plist.xml; path = Info.plist; sourceTree = "<group>"; };
		49F8BAB12050D4EC00C571BB /* WorldTrotterUITests.xctest */ = {isa = PBXFileReference; explicitFileType = wrapper.cfbundle; includeInIndex = 0; path = WorldTrotterUITests.xctest; sourceTree = BUILT_PRODUCTS_DIR; };
		49F8BAB52050D4EC00C571BB /* WorldTrotterUITests.swift */ = {isa = PBXFileReference; lastKnownFileType = sourcecode.swift; path = WorldTrotterUITests.swift; sourceTree = "<group>"; };
		49F8BAB72050D4EC00C571BB /* Info.plist */ = {isa = PBXFileReference; lastKnownFileType = text.plist.xml; path = Info.plist; sourceTree = "<group>"; };
/* End PBXFileReference section */

/* Begin PBXFrameworksBuildPhase section */
		49F8BA8F2050D4EC00C571BB /* Frameworks */ = {
			isa = PBXFrameworksBuildPhase;
			buildActionMask = 2147483647;
			files = (
			);
			runOnlyForDeploymentPostprocessing = 0;
		};
		49F8BAA32050D4EC00C571BB /* Frameworks */ = {
			isa = PBXFrameworksBuildPhase;
			buildActionMask = 2147483647;
			files = (
			);
			runOnlyForDeploymentPostprocessing = 0;
		};
		49F8BAAE2050D4EC00C571BB /* Frameworks */ = {
			isa = PBXFrameworksBuildPhase;
			buildActionMask = 2147483647;
			files = (
			);
			runOnlyForDeploymentPostprocessing = 0;
		};
/* End PBXFrameworksBuildPhase section */

/* Begin PBXGroup section */
		49F8BA892050D4EC00C571BB = {
			isa = PBXGroup;
			children = (
				49F8BA942050D4EC00C571BB /* WorldTrotter */,
				49F8BAA92050D4EC00C571BB /* WorldTrotterTests */,
				49F8BAB42050D4EC00C571BB /* WorldTrotterUITests */,
				49F8BA932050D4EC00C571BB /* Products */,
			);
			sourceTree = "<group>";
		};
		49F8BA932050D4EC00C571BB /* Products */ = {
			isa = PBXGroup;
			children = (
				49F8BA922050D4EC00C571BB /* WorldTrotter.app */,
				49F8BAA62050D4EC00C571BB /* WorldTrotterTests.xctest */,
				49F8BAB12050D4EC00C571BB /* WorldTrotterUITests.xctest */,
			);
			name = Products;
			sourceTree = "<group>";
		};
		49F8BA942050D4EC00C571BB /* WorldTrotter */ = {
			isa = PBXGroup;
			children = (
				49F8BA952050D4EC00C571BB /* AppDelegate.swift */,
				49F8BA972050D4EC00C571BB /* ViewController.swift */,
				49F8BA992050D4EC00C571BB /* Main.storyboard */,
				49F8BA9C2050D4EC00C571BB /* Assets.xcassets */,
				49F8BA9E2050D4EC00C571BB /* LaunchScreen.storyboard */,
				49F8BAA12050D4EC00C571BB /* Info.plist */,
			);
			path = WorldTrotter;
			sourceTree = "<group>";
		};
		49F8BAA92050D4EC00C571BB /* WorldTrotterTests */ = {
			isa = PBXGroup;
			children = (
				49F8BAAA2050D4EC00C571BB /* WorldTrotterTests.swift */,
				49F8BAAC2050D4EC00C571BB /* Info.plist */,
			);
			path = WorldTrotterTests;
			sourceTree = "<group>";
		};
		49F8BAB42050D4EC00C571BB /* WorldTrotterUITests */ = {
			isa = PBXGroup;
			children = (
				49F8BAB52050D4EC00C571BB /* WorldTrotterUITests.swift */,
				49F8BAB72050D4EC00C571BB /* Info.plist */,
			);
			path = WorldTrotterUITests;
			sourceTree = "<group>";
		};
/* End PBXGroup section */

/* Begin PBXNativeTarget section */
		49F8BA912050D4EC00C571BB /* WorldTrotter */ = {
			isa = PBXNativeTarget;
			buildConfigurationList = 49F8BABA2050D4EC00C571BB /* Build configuration list for PBXNativeTarget "WorldTrotter" */;
			buildPhases = (
				49F8BA8E2050D4EC00C571BB /* Sources */,
				49F8BA8F2050D4EC00C571BB /* Frameworks */,
				49F8BA902050D4EC00C571BB /* Resources */,
			);
			buildRules = (
			);
			dependencies = (
			);
			name = WorldTrotter;
			productName = WorldTrotter;
			productReference = 49F8BA922050D4EC00C571BB /* WorldTrotter.app */;
			productType = "com.apple.product-type.application";
		};
		49F8BAA52050D4EC00C571BB /* WorldTrotterTests */ = {
			isa = PBXNativeTarget;
			buildConfigurationList = 49F8BABD2050D4EC00C571BB /* Build configuration list for PBXNativeTarget "WorldTrotterTests" */;
			buildPhases = (
				49F8BAA22050D4EC00C571BB /* Sources */,
				49F8BAA32050D4EC00C571BB /* Frameworks */,
				49F8BAA42050D4EC00C571BB /* Resources */,
			);
			buildRules = (
			);
			dependencies = (
				49F8BAA82050D4EC00C571BB /* PBXTargetDependency */,
			);
			name = WorldTrotterTests;
			productName = WorldTrotterTests;
			productReference = 49F8BAA62050D4EC00C571BB /* WorldTrotterTests.xctest */;
			productType = "com.apple.product-type.bundle.unit-test";
		};
		49F8BAB02050D4EC00C571BB /* WorldTrotterUITests */ = {
			isa = PBXNativeTarget;
			buildConfigurationList = 49F8BAC02050D4EC00C571BB /* Build configuration list for PBXNativeTarget "WorldTrotterUITests" */;
			buildPhases = (
				49F8BAAD2050D4EC00C571BB /* Sources */,
				49F8BAAE2050D4EC00C571BB /* Frameworks */,
				49F8BAAF2050D4EC00C571BB /* Resources */,
			);
			buildRules = (
			);
			dependencies = (
				49F8BAB32050D4EC00C571BB /* PBXTargetDependency */,
			);
			name = WorldTrotterUITests;
			productName = WorldTrotterUITests;
			productReference = 49F8BAB12050D4EC00C571BB /* WorldTrotterUITests.xctest */;
			productType = "com.apple.product-type.bundle.ui-testing";
		};
/* End PBXNativeTarget section */

/* Begin PBXProject section */
		49F8BA8A2050D4EC00C571BB /* Project object */ = {
			isa = PBXProject;
			attributes = {
				LastSwiftUpdateCheck = 0920;
				LastUpgradeCheck = 0920;
				ORGANIZATIONNAME = seedvi;
				TargetAttributes = {
					49F8BA912050D4EC00C571BB = {
						CreatedOnToolsVersion = 9.2;
						ProvisioningStyle = Automatic;
					};
					49F8BAA52050D4EC00C571BB = {
						CreatedOnToolsVersion = 9.2;
						ProvisioningStyle = Automatic;
						TestTargetID = 49F8BA912050D4EC00C571BB;
					};
					49F8BAB02050D4EC00C571BB = {
						CreatedOnToolsVersion = 9.2;
						ProvisioningStyle = Automatic;
						TestTargetID = 49F8BA912050D4EC00C571BB;
					};
				};
			};
			buildConfigurationList = 49F8BA8D2050D4EC00C571BB /* Build configuration list for PBXProject "WorldTrotter" */;
			compatibilityVersion = "Xcode 8.0";
			developmentRegion = en;
			hasScannedForEncodings = 0;
			knownRegions = (
				en,
				Base,
			);
			mainGroup = 49F8BA892050D4EC00C571BB;
			productRefGroup = 49F8BA932050D4EC00C571BB /* Products */;
			projectDirPath = "";
			projectRoot = "";
			targets = (
				49F8BA912050D4EC00C571BB /* WorldTrotter */,
				49F8BAA52050D4EC00C571BB /* WorldTrotterTests */,
				49F8BAB02050D4EC00C571BB /* WorldTrotterUITests */,
			);
		};
/* End PBXProject section */

/* Begin PBXResourcesBuildPhase section */
		49F8BA902050D4EC00C571BB /* Resources */ = {
			isa = PBXResourcesBuildPhase;
			buildActionMask = 2147483647;
			files = (
				49F8BAA02050D4EC00C571BB /* LaunchScreen.storyboard in Resources */,
				49F8BA9D2050D4EC00C571BB /* Assets.xcassets in Resources */,
				49F8BA9B2050D4EC00C571BB /* Main.storyboard in Resources */,
			);
			runOnlyForDeploymentPostprocessing = 0;
		};
		49F8BAA42050D4EC00C571BB /* Resources */ = {
			isa = PBXResourcesBuildPhase;
			buildActionMask = 2147483647;
			files = (
			);
			runOnlyForDeploymentPostprocessing = 0;
		};
		49F8BAAF2050D4EC00C571BB /* Resources */ = {
			isa = PBXResourcesBuildPhase;
			buildActionMask = 2147483647;
			files = (
			);
			runOnlyForDeploymentPostprocessing = 0;
		};
/* End PBXResourcesBuildPhase section */

/* Begin PBXSourcesBuildPhase section */
		49F8BA8E2050D4EC00C571BB /* Sources */ = {
			isa = PBXSourcesBuildPhase;
			buildActionMask = 2147483647;
			files = (
				49F8BA982050D4EC00C571BB /* ViewController.swift in Sources */,
				49F8BA962050D4EC00C571BB /* AppDelegate.swift in Sources */,
			);
			runOnlyForDeploymentPostprocessing = 0;
		};
		49F8BAA22050D4EC00C571BB /* Sources */ = {
			isa = PBXSourcesBuildPhase;
			buildActionMask = 2147483647;
			files = (
				49F8BAAB2050D4EC00C571BB /* WorldTrotterTests.swift in Sources */,
			);
			runOnlyForDeploymentPostprocessing = 0;
		};
		49F8BAAD2050D4EC00C571BB /* Sources */ = {
			isa = PBXSourcesBuildPhase;
			buildActionMask = 2147483647;
			files = (
				49F8BAB62050D4EC00C571BB /* WorldTrotterUITests.swift in Sources */,
			);
			runOnlyForDeploymentPostprocessing = 0;
		};
/* End PBXSourcesBuildPhase section */

/* Begin PBXTargetDependency section */
		49F8BAA82050D4EC00C571BB /* PBXTargetDependency */ = {
			isa = PBXTargetDependency;
			target = 49F8BA912050D4EC00C571BB /* WorldTrotter */;
			targetProxy = 49F8BAA72050D4EC00C571BB /* PBXContainerItemProxy */;
		};
		49F8BAB32050D4EC00C571BB /* PBXTargetDependency */ = {
			isa = PBXTargetDependency;
			target = 49F8BA912050D4EC00C571BB /* WorldTrotter */;
			targetProxy = 49F8BAB22050D4EC00C571BB /* PBXContainerItemProxy */;
		};
/* End PBXTargetDependency section */

/* Begin PBXVariantGroup section */
		49F8BA992050D4EC00C571BB /* Main.storyboard */ = {
			isa = PBXVariantGroup;
			children = (
				49F8BA9A2050D4EC00C571BB /* Base */,
			);
			name = Main.storyboard;
			sourceTree = "<group>";
		};
		49F8BA9E2050D4EC00C571BB /* LaunchScreen.storyboard */ = {
			isa = PBXVariantGroup;
			children = (
				49F8BA9F2050D4EC00C571BB /* Base */,
			);
			name = LaunchScreen.storyboard;
			sourceTree = "<group>";
		};
/* End PBXVariantGroup section */

/* Begin XCBuildConfiguration section */
		49F8BAB82050D4EC00C571BB /* Debug */ = {
			isa = XCBuildConfiguration;
			buildSettings = {
				ALWAYS_SEARCH_USER_PATHS = NO;
				CLANG_ANALYZER_NONNULL = YES;
				CLANG_ANALYZER_NUMBER_OBJECT_CONVERSION = YES_AGGRESSIVE;
				CLANG_CXX_LANGUAGE_STANDARD = "gnu++14";
				CLANG_CXX_LIBRARY = "libc++";
				CLANG_ENABLE_MODULES = YES;
				CLANG_ENABLE_OBJC_ARC = YES;
				CLANG_WARN_BLOCK_CAPTURE_AUTORELEASING = YES;
				CLANG_WARN_BOOL_CONVERSION = YES;
				CLANG_WARN_COMMA = YES;
				CLANG_WARN_CONSTANT_CONVERSION = YES;
				CLANG_WARN_DIRECT_OBJC_ISA_USAGE = YES_ERROR;
				CLANG_WARN_DOCUMENTATION_COMMENTS = YES;
				CLANG_WARN_EMPTY_BODY = YES;
				CLANG_WARN_ENUM_CONVERSION = YES;
				CLANG_WARN_INFINITE_RECURSION = YES;
				CLANG_WARN_INT_CONVERSION = YES;
				CLANG_WARN_NON_LITERAL_NULL_CONVERSION = YES;
				CLANG_WARN_OBJC_LITERAL_CONVERSION = YES;
				CLANG_WARN_OBJC_ROOT_CLASS = YES_ERROR;
				CLANG_WARN_RANGE_LOOP_ANALYSIS = YES;
				CLANG_WARN_STRICT_PROTOTYPES = YES;
				CLANG_WARN_SUSPICIOUS_MOVE = YES;
				CLANG_WARN_UNGUARDED_AVAILABILITY = YES_AGGRESSIVE;
				CLANG_WARN_UNREACHABLE_CODE = YES;
				CLANG_WARN__DUPLICATE_METHOD_MATCH = YES;
				CODE_SIGN_IDENTITY = "iPhone Developer";
				COPY_PHASE_STRIP = NO;
				DEBUG_INFORMATION_FORMAT = dwarf;
				ENABLE_STRICT_OBJC_MSGSEND = YES;
				ENABLE_TESTABILITY = YES;
				GCC_C_LANGUAGE_STANDARD = gnu11;
				GCC_DYNAMIC_NO_PIC = NO;
				GCC_NO_COMMON_BLOCKS = YES;
				GCC_OPTIMIZATION_LEVEL = 0;
				GCC_PREPROCESSOR_DEFINITIONS = (
					"DEBUG=1",
					"$(inherited)",
				);
				GCC_WARN_64_TO_32_BIT_CONVERSION = YES;
				GCC_WARN_ABOUT_RETURN_TYPE = YES_ERROR;
				GCC_WARN_UNDECLARED_SELECTOR = YES;
				GCC_WARN_UNINITIALIZED_AUTOS = YES_AGGRESSIVE;
				GCC_WARN_UNUSED_FUNCTION = YES;
				GCC_WARN_UNUSED_VARIABLE = YES;
				IPHONEOS_DEPLOYMENT_TARGET = 11.2;
				MTL_ENABLE_DEBUG_INFO = YES;
				ONLY_ACTIVE_ARCH = YES;
				SDKROOT = iphoneos;
				SWIFT_ACTIVE_COMPILATION_CONDITIONS = DEBUG;
				SWIFT_OPTIMIZATION_LEVEL = "-Onone";
			};
			name = Debug;
		};
		49F8BAB92050D4EC00C571BB /* Release */ = {
			isa = XCBuildConfiguration;
			buildSettings = {
				ALWAYS_SEARCH_USER_PATHS = NO;
				CLANG_ANALYZER_NONNULL = YES;
				CLANG_ANALYZER_NUMBER_OBJECT_CONVERSION = YES_AGGRESSIVE;
				CLANG_CXX_LANGUAGE_STANDARD = "gnu++14";
				CLANG_CXX_LIBRARY = "libc++";
				CLANG_ENABLE_MODULES = YES;
				CLANG_ENABLE_OBJC_ARC = YES;
				CLANG_WARN_BLOCK_CAPTURE_AUTORELEASING = YES;
				CLANG_WARN_BOOL_CONVERSION = YES;
				CLANG_WARN_COMMA = YES;
				CLANG_WARN_CONSTANT_CONVERSION = YES;
				CLANG_WARN_DIRECT_OBJC_ISA_USAGE = YES_ERROR;
				CLANG_WARN_DOCUMENTATION_COMMENTS = YES;
				CLANG_WARN_EMPTY_BODY = YES;
				CLANG_WARN_ENUM_CONVERSION = YES;
				CLANG_WARN_INFINITE_RECURSION = YES;
				CLANG_WARN_INT_CONVERSION = YES;
				CLANG_WARN_NON_LITERAL_NULL_CONVERSION = YES;
				CLANG_WARN_OBJC_LITERAL_CONVERSION = YES;
				CLANG_WARN_OBJC_ROOT_CLASS = YES_ERROR;
				CLANG_WARN_RANGE_LOOP_ANALYSIS = YES;
				CLANG_WARN_STRICT_PROTOTYPES = YES;
				CLANG_WARN_SUSPICIOUS_MOVE = YES;
				CLANG_WARN_UNGUARDED_AVAILABILITY = YES_AGGRESSIVE;
				CLANG_WARN_UNREACHABLE_CODE = YES;
				CLANG_WARN__DUPLICATE_METHOD_MATCH = YES;
				CODE_SIGN_IDENTITY = "iPhone Developer";
				COPY_PHASE_STRIP = NO;
				DEBUG_INFORMATION_FORMAT = "dwarf-with-dsym";
				ENABLE_NS_ASSERTIONS = NO;
				ENABLE_STRICT_OBJC_MSGSEND = YES;
				GCC_C_LANGUAGE_STANDARD = gnu11;
				GCC_NO_COMMON_BLOCKS = YES;
				GCC_WARN_64_TO_32_BIT_CONVERSION = YES;
				GCC_WARN_ABOUT_RETURN_TYPE = YES_ERROR;
				GCC_WARN_UNDECLARED_SELECTOR = YES;
				GCC_WARN_UNINITIALIZED_AUTOS = YES_AGGRESSIVE;
				GCC_WARN_UNUSED_FUNCTION = YES;
				GCC_WARN_UNUSED_VARIABLE = YES;
				IPHONEOS_DEPLOYMENT_TARGET = 11.2;
				MTL_ENABLE_DEBUG_INFO = NO;
				SDKROOT = iphoneos;
				SWIFT_OPTIMIZATION_LEVEL = "-Owholemodule";
				VALIDATE_PRODUCT = YES;
			};
			name = Release;
		};
		49F8BABB2050D4EC00C571BB /* Debug */ = {
			isa = XCBuildConfiguration;
			buildSettings = {
				ASSETCATALOG_COMPILER_APPICON_NAME = AppIcon;
				CODE_SIGN_STYLE = Automatic;
				INFOPLIST_FILE = WorldTrotter/Info.plist;
				LD_RUNPATH_SEARCH_PATHS = "$(inherited) @executable_path/Frameworks";
				PRODUCT_BUNDLE_IDENTIFIER = com.seedvi.WorldTrotter;
				PRODUCT_NAME = "$(TARGET_NAME)";
				SWIFT_VERSION = 4.0;
				TARGETED_DEVICE_FAMILY = "1,2";
			};
			name = Debug;
		};
		49F8BABC2050D4EC00C571BB /* Release */ = {
			isa = XCBuildConfiguration;
			buildSettings = {
				ASSETCATALOG_COMPILER_APPICON_NAME = AppIcon;
				CODE_SIGN_STYLE = Automatic;
				INFOPLIST_FILE = WorldTrotter/Info.plist;
				LD_RUNPATH_SEARCH_PATHS = "$(inherited) @executable_path/Frameworks";
				PRODUCT_BUNDLE_IDENTIFIER = com.seedvi.WorldTrotter;
				PRODUCT_NAME = "$(TARGET_NAME)";
				SWIFT_VERSION = 4.0;
				TARGETED_DEVICE_FAMILY = "1,2";
			};
			name = Release;
		};
		49F8BABE2050D4EC00C571BB /* Debug */ = {
			isa = XCBuildConfiguration;
			buildSettings = {
				ALWAYS_EMBED_SWIFT_STANDARD_LIBRARIES = YES;
				BUNDLE_LOADER = "$(TEST_HOST)";
				CODE_SIGN_STYLE = Automatic;
				INFOPLIST_FILE = WorldTrotterTests/Info.plist;
				LD_RUNPATH_SEARCH_PATHS = "$(inherited) @executable_path/Frameworks @loader_path/Frameworks";
				PRODUCT_BUNDLE_IDENTIFIER = com.seedvi.WorldTrotterTests;
				PRODUCT_NAME = "$(TARGET_NAME)";
				SWIFT_VERSION = 4.0;
				TARGETED_DEVICE_FAMILY = "1,2";
				TEST_HOST = "$(BUILT_PRODUCTS_DIR)/WorldTrotter.app/WorldTrotter";
			};
			name = Debug;
		};
		49F8BABF2050D4EC00C571BB /* Release */ = {
			isa = XCBuildConfiguration;
			buildSettings = {
				ALWAYS_EMBED_SWIFT_STANDARD_LIBRARIES = YES;
				BUNDLE_LOADER = "$(TEST_HOST)";
				CODE_SIGN_STYLE = Automatic;
				INFOPLIST_FILE = WorldTrotterTests/Info.plist;
				LD_RUNPATH_SEARCH_PATHS = "$(inherited) @executable_path/Frameworks @loader_path/Frameworks";
				PRODUCT_BUNDLE_IDENTIFIER = com.seedvi.WorldTrotterTests;
				PRODUCT_NAME = "$(TARGET_NAME)";
				SWIFT_VERSION = 4.0;
				TARGETED_DEVICE_FAMILY = "1,2";
				TEST_HOST = "$(BUILT_PRODUCTS_DIR)/WorldTrotter.app/WorldTrotter";
			};
			name = Release;
		};
		49F8BAC12050D4EC00C571BB /* Debug */ = {
			isa = XCBuildConfiguration;
			buildSettings = {
				ALWAYS_EMBED_SWIFT_STANDARD_LIBRARIES = YES;
				CODE_SIGN_STYLE = Automatic;
				INFOPLIST_FILE = WorldTrotterUITests/Info.plist;
				LD_RUNPATH_SEARCH_PATHS = "$(inherited) @executable_path/Frameworks @loader_path/Frameworks";
				PRODUCT_BUNDLE_IDENTIFIER = com.seedvi.WorldTrotterUITests;
				PRODUCT_NAME = "$(TARGET_NAME)";
				SWIFT_VERSION = 4.0;
				TARGETED_DEVICE_FAMILY = "1,2";
				TEST_TARGET_NAME = WorldTrotter;
			};
			name = Debug;
		};
		49F8BAC22050D4EC00C571BB /* Release */ = {
			isa = XCBuildConfiguration;
			buildSettings = {
				ALWAYS_EMBED_SWIFT_STANDARD_LIBRARIES = YES;
				CODE_SIGN_STYLE = Automatic;
				INFOPLIST_FILE = WorldTrotterUITests/Info.plist;
				LD_RUNPATH_SEARCH_PATHS = "$(inherited) @executable_path/Frameworks @loader_path/Frameworks";
				PRODUCT_BUNDLE_IDENTIFIER = com.seedvi.WorldTrotterUITests;
				PRODUCT_NAME = "$(TARGET_NAME)";
				SWIFT_VERSION = 4.0;
				TARGETED_DEVICE_FAMILY = "1,2";
				TEST_TARGET_NAME = WorldTrotter;
			};
			name = Release;
		};
/* End XCBuildConfiguration section */

/* Begin XCConfigurationList section */
		49F8BA8D2050D4EC00C571BB /* Build configuration list for PBXProject "WorldTrotter" */ = {
			isa = XCConfigurationList;
			buildConfigurations = (
				49F8BAB82050D4EC00C571BB /* Debug */,
				49F8BAB92050D4EC00C571BB /* Release */,
			);
			defaultConfigurationIsVisible = 0;
			defaultConfigurationName = Release;
		};
		49F8BABA2050D4EC00C571BB /* Build configuration list for PBXNativeTarget "WorldTrotter" */ = {
			isa = XCConfigurationList;
			buildConfigurations = (
				49F8BABB2050D4EC00C571BB /* Debug */,
				49F8BABC2050D4EC00C571BB /* Release */,
			);
			defaultConfigurationIsVisible = 0;
			defaultConfigurationName = Release;
		};
		49F8BABD2050D4EC00C571BB /* Build configuration list for PBXNativeTarget "WorldTrotterTests" */ = {
			isa = XCConfigurationList;
			buildConfigurations = (
				49F8BABE2050D4EC00C571BB /* Debug */,
				49F8BABF2050D4EC00C571BB /* Release */,
			);
			defaultConfigurationIsVisible = 0;
			defaultConfigurationName = Release;
		};
		49F8BAC02050D4EC00C571BB /* Build configuration list for PBXNativeTarget "WorldTrotterUITests" */ = {
			isa = XCConfigurationList;
			buildConfigurations = (
				49F8BAC12050D4EC00C571BB /* Debug */,
				49F8BAC22050D4EC00C571BB /* Release */,
			);
			defaultConfigurationIsVisible = 0;
			defaultConfigurationName = Release;
		};
/* End XCConfigurationList section */
	};
	rootObject = 49F8BA8A2050D4EC00C571BB /* Project object */;
}
