// !$*UTF8*$!
{
	archiveVersion = 1;
	classes = {
	};
	objectVersion = 50;
	objects = {

/* Begin PBXBuildFile section */
		F66E76B6208AAE8400A6E724 /* AppDelegate.swift in Sources */ = {isa = PBXBuildFile; fileRef = F66E76B5208AAE8400A6E724 /* AppDelegate.swift */; };
		F66E76B8208AAE8400A6E724 /* ViewController.swift in Sources */ = {isa = PBXBuildFile; fileRef = F66E76B7208AAE8400A6E724 /* ViewController.swift */; };
		F66E76BB208AAE8400A6E724 /* Main.storyboard in Resources */ = {isa = PBXBuildFile; fileRef = F66E76B9208AAE8400A6E724 /* Main.storyboard */; };
		F66E76BD208AAE8500A6E724 /* Assets.xcassets in Resources */ = {isa = PBXBuildFile; fileRef = F66E76BC208AAE8500A6E724 /* Assets.xcassets */; };
		F66E76C0208AAE8500A6E724 /* LaunchScreen.storyboard in Resources */ = {isa = PBXBuildFile; fileRef = F66E76BE208AAE8500A6E724 /* LaunchScreen.storyboard */; };
		F66E76C8208ACD1600A6E724 /* SignInViewController.swift in Sources */ = {isa = PBXBuildFile; fileRef = F66E76C7208ACD1600A6E724 /* SignInViewController.swift */; };
		F66E76CC208AD28500A6E724 /* SignIn.swift in Sources */ = {isa = PBXBuildFile; fileRef = F66E76CB208AD28500A6E724 /* SignIn.swift */; };
/* End PBXBuildFile section */

/* Begin PBXFileReference section */
		F66E76B2208AAE8300A6E724 /* LogIn.app */ = {isa = PBXFileReference; explicitFileType = wrapper.application; includeInIndex = 0; path = LogIn.app; sourceTree = BUILT_PRODUCTS_DIR; };
		F66E76B5208AAE8400A6E724 /* AppDelegate.swift */ = {isa = PBXFileReference; lastKnownFileType = sourcecode.swift; path = AppDelegate.swift; sourceTree = "<group>"; };
		F66E76B7208AAE8400A6E724 /* ViewController.swift */ = {isa = PBXFileReference; lastKnownFileType = sourcecode.swift; path = ViewController.swift; sourceTree = "<group>"; };
		F66E76BA208AAE8400A6E724 /* Base */ = {isa = PBXFileReference; lastKnownFileType = file.storyboard; name = Base; path = Base.lproj/Main.storyboard; sourceTree = "<group>"; };
		F66E76BC208AAE8500A6E724 /* Assets.xcassets */ = {isa = PBXFileReference; lastKnownFileType = folder.assetcatalog; path = Assets.xcassets; sourceTree = "<group>"; };
		F66E76BF208AAE8500A6E724 /* Base */ = {isa = PBXFileReference; lastKnownFileType = file.storyboard; name = Base; path = Base.lproj/LaunchScreen.storyboard; sourceTree = "<group>"; };
		F66E76C1208AAE8500A6E724 /* Info.plist */ = {isa = PBXFileReference; lastKnownFileType = text.plist.xml; path = Info.plist; sourceTree = "<group>"; };
		F66E76C7208ACD1600A6E724 /* SignInViewController.swift */ = {isa = PBXFileReference; lastKnownFileType = sourcecode.swift; path = SignInViewController.swift; sourceTree = "<group>"; };
		F66E76CB208AD28500A6E724 /* SignIn.swift */ = {isa = PBXFileReference; lastKnownFileType = sourcecode.swift; path = SignIn.swift; sourceTree = "<group>"; };
/* End PBXFileReference section */

/* Begin PBXFrameworksBuildPhase section */
		F66E76AF208AAE8300A6E724 /* Frameworks */ = {
			isa = PBXFrameworksBuildPhase;
			buildActionMask = 2147483647;
			files = (
			);
			runOnlyForDeploymentPostprocessing = 0;
		};
/* End PBXFrameworksBuildPhase section */

/* Begin PBXGroup section */
		F66E76A9208AAE8300A6E724 = {
			isa = PBXGroup;
			children = (
				F66E76B4208AAE8300A6E724 /* LogIn */,
				F66E76B3208AAE8300A6E724 /* Products */,
			);
			sourceTree = "<group>";
		};
		F66E76B3208AAE8300A6E724 /* Products */ = {
			isa = PBXGroup;
			children = (
				F66E76B2208AAE8300A6E724 /* LogIn.app */,
			);
			name = Products;
			sourceTree = "<group>";
		};
		F66E76B4208AAE8300A6E724 /* LogIn */ = {
			isa = PBXGroup;
			children = (
				F66E76CA208AD27100A6E724 /* models */,
				F66E76C9208AD25F00A6E724 /* controllers */,
				F66E76B5208AAE8400A6E724 /* AppDelegate.swift */,
				F66E76B9208AAE8400A6E724 /* Main.storyboard */,
				F66E76BC208AAE8500A6E724 /* Assets.xcassets */,
				F66E76BE208AAE8500A6E724 /* LaunchScreen.storyboard */,
				F66E76C1208AAE8500A6E724 /* Info.plist */,
			);
			path = LogIn;
			sourceTree = "<group>";
		};
		F66E76C9208AD25F00A6E724 /* controllers */ = {
			isa = PBXGroup;
			children = (
				F66E76B7208AAE8400A6E724 /* ViewController.swift */,
				F66E76C7208ACD1600A6E724 /* SignInViewController.swift */,
			);
			path = controllers;
			sourceTree = "<group>";
		};
		F66E76CA208AD27100A6E724 /* models */ = {
			isa = PBXGroup;
			children = (
				F66E76CB208AD28500A6E724 /* SignIn.swift */,
			);
			path = models;
			sourceTree = "<group>";
		};
/* End PBXGroup section */

/* Begin PBXNativeTarget section */
		F66E76B1208AAE8300A6E724 /* LogIn */ = {
			isa = PBXNativeTarget;
			buildConfigurationList = F66E76C4208AAE8500A6E724 /* Build configuration list for PBXNativeTarget "LogIn" */;
			buildPhases = (
				F66E76AE208AAE8300A6E724 /* Sources */,
				F66E76AF208AAE8300A6E724 /* Frameworks */,
				F66E76B0208AAE8300A6E724 /* Resources */,
			);
			buildRules = (
			);
			dependencies = (
			);
			name = LogIn;
			productName = LogIn;
			productReference = F66E76B2208AAE8300A6E724 /* LogIn.app */;
			productType = "com.apple.product-type.application";
		};
/* End PBXNativeTarget section */

/* Begin PBXProject section */
		F66E76AA208AAE8300A6E724 /* Project object */ = {
			isa = PBXProject;
			attributes = {
				LastSwiftUpdateCheck = 0930;
				LastUpgradeCheck = 0930;
				ORGANIZATIONNAME = Seedvi;
				TargetAttributes = {
					F66E76B1208AAE8300A6E724 = {
						CreatedOnToolsVersion = 9.3;
					};
				};
			};
			buildConfigurationList = F66E76AD208AAE8300A6E724 /* Build configuration list for PBXProject "LogIn" */;
			compatibilityVersion = "Xcode 9.3";
			developmentRegion = en;
			hasScannedForEncodings = 0;
			knownRegions = (
				en,
				Base,
			);
			mainGroup = F66E76A9208AAE8300A6E724;
			productRefGroup = F66E76B3208AAE8300A6E724 /* Products */;
			projectDirPath = "";
			projectRoot = "";
			targets = (
				F66E76B1208AAE8300A6E724 /* LogIn */,
			);
		};
/* End PBXProject section */

/* Begin PBXResourcesBuildPhase section */
		F66E76B0208AAE8300A6E724 /* Resources */ = {
			isa = PBXResourcesBuildPhase;
			buildActionMask = 2147483647;
			files = (
				F66E76C0208AAE8500A6E724 /* LaunchScreen.storyboard in Resources */,
				F66E76BD208AAE8500A6E724 /* Assets.xcassets in Resources */,
				F66E76BB208AAE8400A6E724 /* Main.storyboard in Resources */,
			);
			runOnlyForDeploymentPostprocessing = 0;
		};
/* End PBXResourcesBuildPhase section */

/* Begin PBXSourcesBuildPhase section */
		F66E76AE208AAE8300A6E724 /* Sources */ = {
			isa = PBXSourcesBuildPhase;
			buildActionMask = 2147483647;
			files = (
				F66E76B8208AAE8400A6E724 /* ViewController.swift in Sources */,
				F66E76C8208ACD1600A6E724 /* SignInViewController.swift in Sources */,
				F66E76B6208AAE8400A6E724 /* AppDelegate.swift in Sources */,
				F66E76CC208AD28500A6E724 /* SignIn.swift in Sources */,
			);
			runOnlyForDeploymentPostprocessing = 0;
		};
/* End PBXSourcesBuildPhase section */

/* Begin PBXVariantGroup section */
		F66E76B9208AAE8400A6E724 /* Main.storyboard */ = {
			isa = PBXVariantGroup;
			children = (
				F66E76BA208AAE8400A6E724 /* Base */,
			);
			name = Main.storyboard;
			sourceTree = "<group>";
		};
		F66E76BE208AAE8500A6E724 /* LaunchScreen.storyboard */ = {
			isa = PBXVariantGroup;
			children = (
				F66E76BF208AAE8500A6E724 /* Base */,
			);
			name = LaunchScreen.storyboard;
			sourceTree = "<group>";
		};
/* End PBXVariantGroup section */

/* Begin XCBuildConfiguration section */
		F66E76C2208AAE8500A6E724 /* Debug */ = {
			isa = XCBuildConfiguration;
			buildSettings = {
				ALWAYS_SEARCH_USER_PATHS = NO;
				CLANG_ANALYZER_NONNULL = YES;
				CLANG_ANALYZER_NUMBER_OBJECT_CONVERSION = YES_AGGRESSIVE;
				CLANG_CXX_LANGUAGE_STANDARD = "gnu++14";
				CLANG_CXX_LIBRARY = "libc++";
				CLANG_ENABLE_MODULES = YES;
				CLANG_ENABLE_OBJC_ARC = YES;
				CLANG_ENABLE_OBJC_WEAK = YES;
				CLANG_WARN_BLOCK_CAPTURE_AUTORELEASING = YES;
				CLANG_WARN_BOOL_CONVERSION = YES;
				CLANG_WARN_COMMA = YES;
				CLANG_WARN_CONSTANT_CONVERSION = YES;
				CLANG_WARN_DEPRECATED_OBJC_IMPLEMENTATIONS = YES;
				CLANG_WARN_DIRECT_OBJC_ISA_USAGE = YES_ERROR;
				CLANG_WARN_DOCUMENTATION_COMMENTS = YES;
				CLANG_WARN_EMPTY_BODY = YES;
				CLANG_WARN_ENUM_CONVERSION = YES;
				CLANG_WARN_INFINITE_RECURSION = YES;
				CLANG_WARN_INT_CONVERSION = YES;
				CLANG_WARN_NON_LITERAL_NULL_CONVERSION = YES;
				CLANG_WARN_OBJC_IMPLICIT_RETAIN_SELF = YES;
				CLANG_WARN_OBJC_LITERAL_CONVERSION = YES;
				CLANG_WARN_OBJC_ROOT_CLASS = YES_ERROR;
				CLANG_WARN_RANGE_LOOP_ANALYSIS = YES;
				CLANG_WARN_STRICT_PROTOTYPES = YES;
				CLANG_WARN_SUSPICIOUS_MOVE = YES;
				CLANG_WARN_UNGUARDED_AVAILABILITY = YES_AGGRESSIVE;
				CLANG_WARN_UNREACHABLE_CODE = YES;
				CLANG_WARN__DUPLICATE_METHOD_MATCH = YES;
				CODE_SIGN_IDENTITY = "iPhone Developer";
				COPY_PHASE_STRIP = NO;
				DEBUG_INFORMATION_FORMAT = dwarf;
				ENABLE_STRICT_OBJC_MSGSEND = YES;
				ENABLE_TESTABILITY = YES;
				GCC_C_LANGUAGE_STANDARD = gnu11;
				GCC_DYNAMIC_NO_PIC = NO;
				GCC_NO_COMMON_BLOCKS = YES;
				GCC_OPTIMIZATION_LEVEL = 0;
				GCC_PREPROCESSOR_DEFINITIONS = (
					"DEBUG=1",
					"$(inherited)",
				);
				GCC_WARN_64_TO_32_BIT_CONVERSION = YES;
				GCC_WARN_ABOUT_RETURN_TYPE = YES_ERROR;
				GCC_WARN_UNDECLARED_SELECTOR = YES;
				GCC_WARN_UNINITIALIZED_AUTOS = YES_AGGRESSIVE;
				GCC_WARN_UNUSED_FUNCTION = YES;
				GCC_WARN_UNUSED_VARIABLE = YES;
				IPHONEOS_DEPLOYMENT_TARGET = 11.3;
				MTL_ENABLE_DEBUG_INFO = YES;
				ONLY_ACTIVE_ARCH = YES;
				SDKROOT = iphoneos;
				SWIFT_ACTIVE_COMPILATION_CONDITIONS = DEBUG;
				SWIFT_OPTIMIZATION_LEVEL = "-Onone";
			};
			name = Debug;
		};
		F66E76C3208AAE8500A6E724 /* Release */ = {
			isa = XCBuildConfiguration;
			buildSettings = {
				ALWAYS_SEARCH_USER_PATHS = NO;
				CLANG_ANALYZER_NONNULL = YES;
				CLANG_ANALYZER_NUMBER_OBJECT_CONVERSION = YES_AGGRESSIVE;
				CLANG_CXX_LANGUAGE_STANDARD = "gnu++14";
				CLANG_CXX_LIBRARY = "libc++";
				CLANG_ENABLE_MODULES = YES;
				CLANG_ENABLE_OBJC_ARC = YES;
				CLANG_ENABLE_OBJC_WEAK = YES;
				CLANG_WARN_BLOCK_CAPTURE_AUTORELEASING = YES;
				CLANG_WARN_BOOL_CONVERSION = YES;
				CLANG_WARN_COMMA = YES;
				CLANG_WARN_CONSTANT_CONVERSION = YES;
				CLANG_WARN_DEPRECATED_OBJC_IMPLEMENTATIONS = YES;
				CLANG_WARN_DIRECT_OBJC_ISA_USAGE = YES_ERROR;
				CLANG_WARN_DOCUMENTATION_COMMENTS = YES;
				CLANG_WARN_EMPTY_BODY = YES;
				CLANG_WARN_ENUM_CONVERSION = YES;
				CLANG_WARN_INFINITE_RECURSION = YES;
				CLANG_WARN_INT_CONVERSION = YES;
				CLANG_WARN_NON_LITERAL_NULL_CONVERSION = YES;
				CLANG_WARN_OBJC_IMPLICIT_RETAIN_SELF = YES;
				CLANG_WARN_OBJC_LITERAL_CONVERSION = YES;
				CLANG_WARN_OBJC_ROOT_CLASS = YES_ERROR;
				CLANG_WARN_RANGE_LOOP_ANALYSIS = YES;
				CLANG_WARN_STRICT_PROTOTYPES = YES;
				CLANG_WARN_SUSPICIOUS_MOVE = YES;
				CLANG_WARN_UNGUARDED_AVAILABILITY = YES_AGGRESSIVE;
				CLANG_WARN_UNREACHABLE_CODE = YES;
				CLANG_WARN__DUPLICATE_METHOD_MATCH = YES;
				CODE_SIGN_IDENTITY = "iPhone Developer";
				COPY_PHASE_STRIP = NO;
				DEBUG_INFORMATION_FORMAT = "dwarf-with-dsym";
				ENABLE_NS_ASSERTIONS = NO;
				ENABLE_STRICT_OBJC_MSGSEND = YES;
				GCC_C_LANGUAGE_STANDARD = gnu11;
				GCC_NO_COMMON_BLOCKS = YES;
				GCC_WARN_64_TO_32_BIT_CONVERSION = YES;
				GCC_WARN_ABOUT_RETURN_TYPE = YES_ERROR;
				GCC_WARN_UNDECLARED_SELECTOR = YES;
				GCC_WARN_UNINITIALIZED_AUTOS = YES_AGGRESSIVE;
				GCC_WARN_UNUSED_FUNCTION = YES;
				GCC_WARN_UNUSED_VARIABLE = YES;
				IPHONEOS_DEPLOYMENT_TARGET = 11.3;
				MTL_ENABLE_DEBUG_INFO = NO;
				SDKROOT = iphoneos;
				SWIFT_COMPILATION_MODE = wholemodule;
				SWIFT_OPTIMIZATION_LEVEL = "-O";
				VALIDATE_PRODUCT = YES;
			};
			name = Release;
		};
		F66E76C5208AAE8500A6E724 /* Debug */ = {
			isa = XCBuildConfiguration;
			buildSettings = {
				ASSETCATALOG_COMPILER_APPICON_NAME = AppIcon;
				CODE_SIGN_STYLE = Automatic;
				INFOPLIST_FILE = LogIn/Info.plist;
				LD_RUNPATH_SEARCH_PATHS = (
					"$(inherited)",
					"@executable_path/Frameworks",
				);
				PRODUCT_BUNDLE_IDENTIFIER = com.seedvi.LogIn;
				PRODUCT_NAME = "$(TARGET_NAME)";
				SWIFT_VERSION = 4.0;
				TARGETED_DEVICE_FAMILY = "1,2";
			};
			name = Debug;
		};
		F66E76C6208AAE8500A6E724 /* Release */ = {
			isa = XCBuildConfiguration;
			buildSettings = {
				ASSETCATALOG_COMPILER_APPICON_NAME = AppIcon;
				CODE_SIGN_STYLE = Automatic;
				INFOPLIST_FILE = LogIn/Info.plist;
				LD_RUNPATH_SEARCH_PATHS = (
					"$(inherited)",
					"@executable_path/Frameworks",
				);
				PRODUCT_BUNDLE_IDENTIFIER = com.seedvi.LogIn;
				PRODUCT_NAME = "$(TARGET_NAME)";
				SWIFT_VERSION = 4.0;
				TARGETED_DEVICE_FAMILY = "1,2";
			};
			name = Release;
		};
/* End XCBuildConfiguration section */

/* Begin XCConfigurationList section */
		F66E76AD208AAE8300A6E724 /* Build configuration list for PBXProject "LogIn" */ = {
			isa = XCConfigurationList;
			buildConfigurations = (
				F66E76C2208AAE8500A6E724 /* Debug */,
				F66E76C3208AAE8500A6E724 /* Release */,
			);
			defaultConfigurationIsVisible = 0;
			defaultConfigurationName = Release;
		};
		F66E76C4208AAE8500A6E724 /* Build configuration list for PBXNativeTarget "LogIn" */ = {
			isa = XCConfigurationList;
			buildConfigurations = (
				F66E76C5208AAE8500A6E724 /* Debug */,
				F66E76C6208AAE8500A6E724 /* Release */,
			);
			defaultConfigurationIsVisible = 0;
			defaultConfigurationName = Release;
		};
/* End XCConfigurationList section */
	};
	rootObject = F66E76AA208AAE8300A6E724 /* Project object */;
}
