// !$*UTF8*$!
{
	archiveVersion = 1;
	classes = {
	};
	objectVersion = 50;
	objects = {

/* Begin PBXBuildFile section */
		F6E6455720CB392B00B9C413 /* AppDelegate.swift in Sources */ = {isa = PBXBuildFile; fileRef = F6E6455620CB392B00B9C413 /* AppDelegate.swift */; };
		F6E6455920CB392B00B9C413 /* art.scnassets in Resources */ = {isa = PBXBuildFile; fileRef = F6E6455820CB392B00B9C413 /* art.scnassets */; };
		F6E6455B20CB392B00B9C413 /* ViewController.swift in Sources */ = {isa = PBXBuildFile; fileRef = F6E6455A20CB392B00B9C413 /* ViewController.swift */; };
		F6E6455E20CB392B00B9C413 /* Main.storyboard in Resources */ = {isa = PBXBuildFile; fileRef = F6E6455C20CB392B00B9C413 /* Main.storyboard */; };
		F6E6456020CB392C00B9C413 /* Assets.xcassets in Resources */ = {isa = PBXBuildFile; fileRef = F6E6455F20CB392C00B9C413 /* Assets.xcassets */; };
		F6E6456320CB392C00B9C413 /* LaunchScreen.storyboard in Resources */ = {isa = PBXBuildFile; fileRef = F6E6456120CB392C00B9C413 /* LaunchScreen.storyboard */; };
		F6E6456E20CB392C00B9C413 /* ARiOSTests.swift in Sources */ = {isa = PBXBuildFile; fileRef = F6E6456D20CB392C00B9C413 /* ARiOSTests.swift */; };
/* End PBXBuildFile section */

/* Begin PBXContainerItemProxy section */
		F6E6456A20CB392C00B9C413 /* PBXContainerItemProxy */ = {
			isa = PBXContainerItemProxy;
			containerPortal = F6E6454B20CB392B00B9C413 /* Project object */;
			proxyType = 1;
			remoteGlobalIDString = F6E6455220CB392B00B9C413;
			remoteInfo = ARiOS;
		};
/* End PBXContainerItemProxy section */

/* Begin PBXFileReference section */
		F6E6455320CB392B00B9C413 /* ARiOS.app */ = {isa = PBXFileReference; explicitFileType = wrapper.application; includeInIndex = 0; path = ARiOS.app; sourceTree = BUILT_PRODUCTS_DIR; };
		F6E6455620CB392B00B9C413 /* AppDelegate.swift */ = {isa = PBXFileReference; lastKnownFileType = sourcecode.swift; path = AppDelegate.swift; sourceTree = "<group>"; };
		F6E6455820CB392B00B9C413 /* art.scnassets */ = {isa = PBXFileReference; lastKnownFileType = wrapper.scnassets; path = art.scnassets; sourceTree = "<group>"; };
		F6E6455A20CB392B00B9C413 /* ViewController.swift */ = {isa = PBXFileReference; lastKnownFileType = sourcecode.swift; path = ViewController.swift; sourceTree = "<group>"; };
		F6E6455D20CB392B00B9C413 /* Base */ = {isa = PBXFileReference; lastKnownFileType = file.storyboard; name = Base; path = Base.lproj/Main.storyboard; sourceTree = "<group>"; };
		F6E6455F20CB392C00B9C413 /* Assets.xcassets */ = {isa = PBXFileReference; lastKnownFileType = folder.assetcatalog; path = Assets.xcassets; sourceTree = "<group>"; };
		F6E6456220CB392C00B9C413 /* Base */ = {isa = PBXFileReference; lastKnownFileType = file.storyboard; name = Base; path = Base.lproj/LaunchScreen.storyboard; sourceTree = "<group>"; };
		F6E6456420CB392C00B9C413 /* Info.plist */ = {isa = PBXFileReference; lastKnownFileType = text.plist.xml; path = Info.plist; sourceTree = "<group>"; };
		F6E6456920CB392C00B9C413 /* ARiOSTests.xctest */ = {isa = PBXFileReference; explicitFileType = wrapper.cfbundle; includeInIndex = 0; path = ARiOSTests.xctest; sourceTree = BUILT_PRODUCTS_DIR; };
		F6E6456D20CB392C00B9C413 /* ARiOSTests.swift */ = {isa = PBXFileReference; lastKnownFileType = sourcecode.swift; path = ARiOSTests.swift; sourceTree = "<group>"; };
		F6E6456F20CB392C00B9C413 /* Info.plist */ = {isa = PBXFileReference; lastKnownFileType = text.plist.xml; path = Info.plist; sourceTree = "<group>"; };
/* End PBXFileReference section */

/* Begin PBXFrameworksBuildPhase section */
		F6E6455020CB392B00B9C413 /* Frameworks */ = {
			isa = PBXFrameworksBuildPhase;
			buildActionMask = 2147483647;
			files = (
			);
			runOnlyForDeploymentPostprocessing = 0;
		};
		F6E6456620CB392C00B9C413 /* Frameworks */ = {
			isa = PBXFrameworksBuildPhase;
			buildActionMask = 2147483647;
			files = (
			);
			runOnlyForDeploymentPostprocessing = 0;
		};
/* End PBXFrameworksBuildPhase section */

/* Begin PBXGroup section */
		F6E6454A20CB392B00B9C413 = {
			isa = PBXGroup;
			children = (
				F6E6455520CB392B00B9C413 /* ARiOS */,
				F6E6456C20CB392C00B9C413 /* ARiOSTests */,
				F6E6455420CB392B00B9C413 /* Products */,
			);
			sourceTree = "<group>";
		};
		F6E6455420CB392B00B9C413 /* Products */ = {
			isa = PBXGroup;
			children = (
				F6E6455320CB392B00B9C413 /* ARiOS.app */,
				F6E6456920CB392C00B9C413 /* ARiOSTests.xctest */,
			);
			name = Products;
			sourceTree = "<group>";
		};
		F6E6455520CB392B00B9C413 /* ARiOS */ = {
			isa = PBXGroup;
			children = (
				F6E6455620CB392B00B9C413 /* AppDelegate.swift */,
				F6E6455820CB392B00B9C413 /* art.scnassets */,
				F6E6455A20CB392B00B9C413 /* ViewController.swift */,
				F6E6455C20CB392B00B9C413 /* Main.storyboard */,
				F6E6455F20CB392C00B9C413 /* Assets.xcassets */,
				F6E6456120CB392C00B9C413 /* LaunchScreen.storyboard */,
				F6E6456420CB392C00B9C413 /* Info.plist */,
			);
			path = ARiOS;
			sourceTree = "<group>";
		};
		F6E6456C20CB392C00B9C413 /* ARiOSTests */ = {
			isa = PBXGroup;
			children = (
				F6E6456D20CB392C00B9C413 /* ARiOSTests.swift */,
				F6E6456F20CB392C00B9C413 /* Info.plist */,
			);
			path = ARiOSTests;
			sourceTree = "<group>";
		};
/* End PBXGroup section */

/* Begin PBXNativeTarget section */
		F6E6455220CB392B00B9C413 /* ARiOS */ = {
			isa = PBXNativeTarget;
			buildConfigurationList = F6E6457220CB392C00B9C413 /* Build configuration list for PBXNativeTarget "ARiOS" */;
			buildPhases = (
				F6E6454F20CB392B00B9C413 /* Sources */,
				F6E6455020CB392B00B9C413 /* Frameworks */,
				F6E6455120CB392B00B9C413 /* Resources */,
			);
			buildRules = (
			);
			dependencies = (
			);
			name = ARiOS;
			productName = ARiOS;
			productReference = F6E6455320CB392B00B9C413 /* ARiOS.app */;
			productType = "com.apple.product-type.application";
		};
		F6E6456820CB392C00B9C413 /* ARiOSTests */ = {
			isa = PBXNativeTarget;
			buildConfigurationList = F6E6457520CB392C00B9C413 /* Build configuration list for PBXNativeTarget "ARiOSTests" */;
			buildPhases = (
				F6E6456520CB392C00B9C413 /* Sources */,
				F6E6456620CB392C00B9C413 /* Frameworks */,
				F6E6456720CB392C00B9C413 /* Resources */,
			);
			buildRules = (
			);
			dependencies = (
				F6E6456B20CB392C00B9C413 /* PBXTargetDependency */,
			);
			name = ARiOSTests;
			productName = ARiOSTests;
			productReference = F6E6456920CB392C00B9C413 /* ARiOSTests.xctest */;
			productType = "com.apple.product-type.bundle.unit-test";
		};
/* End PBXNativeTarget section */

/* Begin PBXProject section */
		F6E6454B20CB392B00B9C413 /* Project object */ = {
			isa = PBXProject;
			attributes = {
				LastSwiftUpdateCheck = 0940;
				LastUpgradeCheck = 0940;
				ORGANIZATIONNAME = SEEDVI;
				TargetAttributes = {
					F6E6455220CB392B00B9C413 = {
						CreatedOnToolsVersion = 9.4;
					};
					F6E6456820CB392C00B9C413 = {
						CreatedOnToolsVersion = 9.4;
						TestTargetID = F6E6455220CB392B00B9C413;
					};
				};
			};
			buildConfigurationList = F6E6454E20CB392B00B9C413 /* Build configuration list for PBXProject "ARiOS" */;
			compatibilityVersion = "Xcode 9.3";
			developmentRegion = en;
			hasScannedForEncodings = 0;
			knownRegions = (
				en,
				Base,
			);
			mainGroup = F6E6454A20CB392B00B9C413;
			productRefGroup = F6E6455420CB392B00B9C413 /* Products */;
			projectDirPath = "";
			projectRoot = "";
			targets = (
				F6E6455220CB392B00B9C413 /* ARiOS */,
				F6E6456820CB392C00B9C413 /* ARiOSTests */,
			);
		};
/* End PBXProject section */

/* Begin PBXResourcesBuildPhase section */
		F6E6455120CB392B00B9C413 /* Resources */ = {
			isa = PBXResourcesBuildPhase;
			buildActionMask = 2147483647;
			files = (
				F6E6455920CB392B00B9C413 /* art.scnassets in Resources */,
				F6E6456320CB392C00B9C413 /* LaunchScreen.storyboard in Resources */,
				F6E6456020CB392C00B9C413 /* Assets.xcassets in Resources */,
				F6E6455E20CB392B00B9C413 /* Main.storyboard in Resources */,
			);
			runOnlyForDeploymentPostprocessing = 0;
		};
		F6E6456720CB392C00B9C413 /* Resources */ = {
			isa = PBXResourcesBuildPhase;
			buildActionMask = 2147483647;
			files = (
			);
			runOnlyForDeploymentPostprocessing = 0;
		};
/* End PBXResourcesBuildPhase section */

/* Begin PBXSourcesBuildPhase section */
		F6E6454F20CB392B00B9C413 /* Sources */ = {
			isa = PBXSourcesBuildPhase;
			buildActionMask = 2147483647;
			files = (
				F6E6455B20CB392B00B9C413 /* ViewController.swift in Sources */,
				F6E6455720CB392B00B9C413 /* AppDelegate.swift in Sources */,
			);
			runOnlyForDeploymentPostprocessing = 0;
		};
		F6E6456520CB392C00B9C413 /* Sources */ = {
			isa = PBXSourcesBuildPhase;
			buildActionMask = 2147483647;
			files = (
				F6E6456E20CB392C00B9C413 /* ARiOSTests.swift in Sources */,
			);
			runOnlyForDeploymentPostprocessing = 0;
		};
/* End PBXSourcesBuildPhase section */

/* Begin PBXTargetDependency section */
		F6E6456B20CB392C00B9C413 /* PBXTargetDependency */ = {
			isa = PBXTargetDependency;
			target = F6E6455220CB392B00B9C413 /* ARiOS */;
			targetProxy = F6E6456A20CB392C00B9C413 /* PBXContainerItemProxy */;
		};
/* End PBXTargetDependency section */

/* Begin PBXVariantGroup section */
		F6E6455C20CB392B00B9C413 /* Main.storyboard */ = {
			isa = PBXVariantGroup;
			children = (
				F6E6455D20CB392B00B9C413 /* Base */,
			);
			name = Main.storyboard;
			sourceTree = "<group>";
		};
		F6E6456120CB392C00B9C413 /* LaunchScreen.storyboard */ = {
			isa = PBXVariantGroup;
			children = (
				F6E6456220CB392C00B9C413 /* Base */,
			);
			name = LaunchScreen.storyboard;
			sourceTree = "<group>";
		};
/* End PBXVariantGroup section */

/* Begin XCBuildConfiguration section */
		F6E6457020CB392C00B9C413 /* Debug */ = {
			isa = XCBuildConfiguration;
			buildSettings = {
				ALWAYS_SEARCH_USER_PATHS = NO;
				CLANG_ANALYZER_NONNULL = YES;
				CLANG_ANALYZER_NUMBER_OBJECT_CONVERSION = YES_AGGRESSIVE;
				CLANG_CXX_LANGUAGE_STANDARD = "gnu++14";
				CLANG_CXX_LIBRARY = "libc++";
				CLANG_ENABLE_MODULES = YES;
				CLANG_ENABLE_OBJC_ARC = YES;
				CLANG_ENABLE_OBJC_WEAK = YES;
				CLANG_WARN_BLOCK_CAPTURE_AUTORELEASING = YES;
				CLANG_WARN_BOOL_CONVERSION = YES;
				CLANG_WARN_COMMA = YES;
				CLANG_WARN_CONSTANT_CONVERSION = YES;
				CLANG_WARN_DEPRECATED_OBJC_IMPLEMENTATIONS = YES;
				CLANG_WARN_DIRECT_OBJC_ISA_USAGE = YES_ERROR;
				CLANG_WARN_DOCUMENTATION_COMMENTS = YES;
				CLANG_WARN_EMPTY_BODY = YES;
				CLANG_WARN_ENUM_CONVERSION = YES;
				CLANG_WARN_INFINITE_RECURSION = YES;
				CLANG_WARN_INT_CONVERSION = YES;
				CLANG_WARN_NON_LITERAL_NULL_CONVERSION = YES;
				CLANG_WARN_OBJC_IMPLICIT_RETAIN_SELF = YES;
				CLANG_WARN_OBJC_LITERAL_CONVERSION = YES;
				CLANG_WARN_OBJC_ROOT_CLASS = YES_ERROR;
				CLANG_WARN_RANGE_LOOP_ANALYSIS = YES;
				CLANG_WARN_STRICT_PROTOTYPES = YES;
				CLANG_WARN_SUSPICIOUS_MOVE = YES;
				CLANG_WARN_UNGUARDED_AVAILABILITY = YES_AGGRESSIVE;
				CLANG_WARN_UNREACHABLE_CODE = YES;
				CLANG_WARN__DUPLICATE_METHOD_MATCH = YES;
				CODE_SIGN_IDENTITY = "iPhone Developer";
				COPY_PHASE_STRIP = NO;
				DEBUG_INFORMATION_FORMAT = dwarf;
				ENABLE_STRICT_OBJC_MSGSEND = YES;
				ENABLE_TESTABILITY = YES;
				GCC_C_LANGUAGE_STANDARD = gnu11;
				GCC_DYNAMIC_NO_PIC = NO;
				GCC_NO_COMMON_BLOCKS = YES;
				GCC_OPTIMIZATION_LEVEL = 0;
				GCC_PREPROCESSOR_DEFINITIONS = (
					"DEBUG=1",
					"$(inherited)",
				);
				GCC_WARN_64_TO_32_BIT_CONVERSION = YES;
				GCC_WARN_ABOUT_RETURN_TYPE = YES_ERROR;
				GCC_WARN_UNDECLARED_SELECTOR = YES;
				GCC_WARN_UNINITIALIZED_AUTOS = YES_AGGRESSIVE;
				GCC_WARN_UNUSED_FUNCTION = YES;
				GCC_WARN_UNUSED_VARIABLE = YES;
				IPHONEOS_DEPLOYMENT_TARGET = 11.4;
				MTL_ENABLE_DEBUG_INFO = YES;
				ONLY_ACTIVE_ARCH = YES;
				SDKROOT = iphoneos;
				SWIFT_ACTIVE_COMPILATION_CONDITIONS = DEBUG;
				SWIFT_OPTIMIZATION_LEVEL = "-Onone";
			};
			name = Debug;
		};
		F6E6457120CB392C00B9C413 /* Release */ = {
			isa = XCBuildConfiguration;
			buildSettings = {
				ALWAYS_SEARCH_USER_PATHS = NO;
				CLANG_ANALYZER_NONNULL = YES;
				CLANG_ANALYZER_NUMBER_OBJECT_CONVERSION = YES_AGGRESSIVE;
				CLANG_CXX_LANGUAGE_STANDARD = "gnu++14";
				CLANG_CXX_LIBRARY = "libc++";
				CLANG_ENABLE_MODULES = YES;
				CLANG_ENABLE_OBJC_ARC = YES;
				CLANG_ENABLE_OBJC_WEAK = YES;
				CLANG_WARN_BLOCK_CAPTURE_AUTORELEASING = YES;
				CLANG_WARN_BOOL_CONVERSION = YES;
				CLANG_WARN_COMMA = YES;
				CLANG_WARN_CONSTANT_CONVERSION = YES;
				CLANG_WARN_DEPRECATED_OBJC_IMPLEMENTATIONS = YES;
				CLANG_WARN_DIRECT_OBJC_ISA_USAGE = YES_ERROR;
				CLANG_WARN_DOCUMENTATION_COMMENTS = YES;
				CLANG_WARN_EMPTY_BODY = YES;
				CLANG_WARN_ENUM_CONVERSION = YES;
				CLANG_WARN_INFINITE_RECURSION = YES;
				CLANG_WARN_INT_CONVERSION = YES;
				CLANG_WARN_NON_LITERAL_NULL_CONVERSION = YES;
				CLANG_WARN_OBJC_IMPLICIT_RETAIN_SELF = YES;
				CLANG_WARN_OBJC_LITERAL_CONVERSION = YES;
				CLANG_WARN_OBJC_ROOT_CLASS = YES_ERROR;
				CLANG_WARN_RANGE_LOOP_ANALYSIS = YES;
				CLANG_WARN_STRICT_PROTOTYPES = YES;
				CLANG_WARN_SUSPICIOUS_MOVE = YES;
				CLANG_WARN_UNGUARDED_AVAILABILITY = YES_AGGRESSIVE;
				CLANG_WARN_UNREACHABLE_CODE = YES;
				CLANG_WARN__DUPLICATE_METHOD_MATCH = YES;
				CODE_SIGN_IDENTITY = "iPhone Developer";
				COPY_PHASE_STRIP = NO;
				DEBUG_INFORMATION_FORMAT = "dwarf-with-dsym";
				ENABLE_NS_ASSERTIONS = NO;
				ENABLE_STRICT_OBJC_MSGSEND = YES;
				GCC_C_LANGUAGE_STANDARD = gnu11;
				GCC_NO_COMMON_BLOCKS = YES;
				GCC_WARN_64_TO_32_BIT_CONVERSION = YES;
				GCC_WARN_ABOUT_RETURN_TYPE = YES_ERROR;
				GCC_WARN_UNDECLARED_SELECTOR = YES;
				GCC_WARN_UNINITIALIZED_AUTOS = YES_AGGRESSIVE;
				GCC_WARN_UNUSED_FUNCTION = YES;
				GCC_WARN_UNUSED_VARIABLE = YES;
				IPHONEOS_DEPLOYMENT_TARGET = 11.4;
				MTL_ENABLE_DEBUG_INFO = NO;
				SDKROOT = iphoneos;
				SWIFT_COMPILATION_MODE = wholemodule;
				SWIFT_OPTIMIZATION_LEVEL = "-O";
				VALIDATE_PRODUCT = YES;
			};
			name = Release;
		};
		F6E6457320CB392C00B9C413 /* Debug */ = {
			isa = XCBuildConfiguration;
			buildSettings = {
				ASSETCATALOG_COMPILER_APPICON_NAME = AppIcon;
				CODE_SIGN_STYLE = Automatic;
				INFOPLIST_FILE = ARiOS/Info.plist;
				LD_RUNPATH_SEARCH_PATHS = (
					"$(inherited)",
					"@executable_path/Frameworks",
				);
				PRODUCT_BUNDLE_IDENTIFIER = com.seedvi.ARiOS;
				PRODUCT_NAME = "$(TARGET_NAME)";
				SWIFT_VERSION = 4.0;
				TARGETED_DEVICE_FAMILY = "1,2";
			};
			name = Debug;
		};
		F6E6457420CB392C00B9C413 /* Release */ = {
			isa = XCBuildConfiguration;
			buildSettings = {
				ASSETCATALOG_COMPILER_APPICON_NAME = AppIcon;
				CODE_SIGN_STYLE = Automatic;
				INFOPLIST_FILE = ARiOS/Info.plist;
				LD_RUNPATH_SEARCH_PATHS = (
					"$(inherited)",
					"@executable_path/Frameworks",
				);
				PRODUCT_BUNDLE_IDENTIFIER = com.seedvi.ARiOS;
				PRODUCT_NAME = "$(TARGET_NAME)";
				SWIFT_VERSION = 4.0;
				TARGETED_DEVICE_FAMILY = "1,2";
			};
			name = Release;
		};
		F6E6457620CB392C00B9C413 /* Debug */ = {
			isa = XCBuildConfiguration;
			buildSettings = {
				ALWAYS_EMBED_SWIFT_STANDARD_LIBRARIES = YES;
				BUNDLE_LOADER = "$(TEST_HOST)";
				CODE_SIGN_STYLE = Automatic;
				INFOPLIST_FILE = ARiOSTests/Info.plist;
				LD_RUNPATH_SEARCH_PATHS = (
					"$(inherited)",
					"@executable_path/Frameworks",
					"@loader_path/Frameworks",
				);
				PRODUCT_BUNDLE_IDENTIFIER = com.seedvi.ARiOSTests;
				PRODUCT_NAME = "$(TARGET_NAME)";
				SWIFT_VERSION = 4.0;
				TARGETED_DEVICE_FAMILY = "1,2";
				TEST_HOST = "$(BUILT_PRODUCTS_DIR)/ARiOS.app/ARiOS";
			};
			name = Debug;
		};
		F6E6457720CB392C00B9C413 /* Release */ = {
			isa = XCBuildConfiguration;
			buildSettings = {
				ALWAYS_EMBED_SWIFT_STANDARD_LIBRARIES = YES;
				BUNDLE_LOADER = "$(TEST_HOST)";
				CODE_SIGN_STYLE = Automatic;
				INFOPLIST_FILE = ARiOSTests/Info.plist;
				LD_RUNPATH_SEARCH_PATHS = (
					"$(inherited)",
					"@executable_path/Frameworks",
					"@loader_path/Frameworks",
				);
				PRODUCT_BUNDLE_IDENTIFIER = com.seedvi.ARiOSTests;
				PRODUCT_NAME = "$(TARGET_NAME)";
				SWIFT_VERSION = 4.0;
				TARGETED_DEVICE_FAMILY = "1,2";
				TEST_HOST = "$(BUILT_PRODUCTS_DIR)/ARiOS.app/ARiOS";
			};
			name = Release;
		};
/* End XCBuildConfiguration section */

/* Begin XCConfigurationList section */
		F6E6454E20CB392B00B9C413 /* Build configuration list for PBXProject "ARiOS" */ = {
			isa = XCConfigurationList;
			buildConfigurations = (
				F6E6457020CB392C00B9C413 /* Debug */,
				F6E6457120CB392C00B9C413 /* Release */,
			);
			defaultConfigurationIsVisible = 0;
			defaultConfigurationName = Release;
		};
		F6E6457220CB392C00B9C413 /* Build configuration list for PBXNativeTarget "ARiOS" */ = {
			isa = XCConfigurationList;
			buildConfigurations = (
				F6E6457320CB392C00B9C413 /* Debug */,
				F6E6457420CB392C00B9C413 /* Release */,
			);
			defaultConfigurationIsVisible = 0;
			defaultConfigurationName = Release;
		};
		F6E6457520CB392C00B9C413 /* Build configuration list for PBXNativeTarget "ARiOSTests" */ = {
			isa = XCConfigurationList;
			buildConfigurations = (
				F6E6457620CB392C00B9C413 /* Debug */,
				F6E6457720CB392C00B9C413 /* Release */,
			);
			defaultConfigurationIsVisible = 0;
			defaultConfigurationName = Release;
		};
/* End XCConfigurationList section */
	};
	rootObject = F6E6454B20CB392B00B9C413 /* Project object */;
}
